// !$*UTF8*$!
{
	archiveVersion = 1;
	classes = {
	};
	objectVersion = 56;
	objects = {

/* Begin PBXBuildFile section */
		B20CE4032D5730D700CDEFC9 /* UIView+Extensions.swift in Sources */ = {isa = PBXBuildFile; fileRef = B20CE4022D5730D700CDEFC9 /* UIView+Extensions.swift */; };
		B20CE4052D5731CD00CDEFC9 /* ModuleBuilder.swift in Sources */ = {isa = PBXBuildFile; fileRef = B20CE4042D5731CD00CDEFC9 /* ModuleBuilder.swift */; };
		B20CE4092D573A8800CDEFC9 /* NewsTVCell.swift in Sources */ = {isa = PBXBuildFile; fileRef = B20CE4072D573A8800CDEFC9 /* NewsTVCell.swift */; };
		B20CE40A2D573A8800CDEFC9 /* NewsTVCellCV.swift in Sources */ = {isa = PBXBuildFile; fileRef = B20CE4082D573A8800CDEFC9 /* NewsTVCellCV.swift */; };
		B20CE4122D57633D00CDEFC9 /* NewsModels.swift in Sources */ = {isa = PBXBuildFile; fileRef = B20CE4112D57633D00CDEFC9 /* NewsModels.swift */; };
		B20CE4152D57668800CDEFC9 /* AppRequests.swift in Sources */ = {isa = PBXBuildFile; fileRef = B20CE4142D57668800CDEFC9 /* AppRequests.swift */; };
		B20CE4172D5766D500CDEFC9 /* RealHTTP+Extension.swift in Sources */ = {isa = PBXBuildFile; fileRef = B20CE4162D5766D500CDEFC9 /* RealHTTP+Extension.swift */; };
		B2152B552D55CAFD004FD988 /* AppDelegate.swift in Sources */ = {isa = PBXBuildFile; fileRef = B2152B542D55CAFD004FD988 /* AppDelegate.swift */; };
		B2152B5E2D55CAFE004FD988 /* Assets.xcassets in Resources */ = {isa = PBXBuildFile; fileRef = B2152B5D2D55CAFE004FD988 /* Assets.xcassets */; };
		B2152B612D55CAFE004FD988 /* LaunchScreen.storyboard in Resources */ = {isa = PBXBuildFile; fileRef = B2152B5F2D55CAFE004FD988 /* LaunchScreen.storyboard */; };
		B2152B6D2D55CCEA004FD988 /* Presentable.swift in Sources */ = {isa = PBXBuildFile; fileRef = B2152B6A2D55CCE9004FD988 /* Presentable.swift */; };
		B2152B6E2D55CCEA004FD988 /* Router.swift in Sources */ = {isa = PBXBuildFile; fileRef = B2152B6B2D55CCE9004FD988 /* Router.swift */; };
		B2152B6F2D55CCEA004FD988 /* Coordinator.swift in Sources */ = {isa = PBXBuildFile; fileRef = B2152B6C2D55CCE9004FD988 /* Coordinator.swift */; };
		B2152B812D55CF01004FD988 /* BaseVC.swift in Sources */ = {isa = PBXBuildFile; fileRef = B2152B7E2D55CF01004FD988 /* BaseVC.swift */; };
		B2152B822D55CF01004FD988 /* BaseNC.swift in Sources */ = {isa = PBXBuildFile; fileRef = B2152B7F2D55CF01004FD988 /* BaseNC.swift */; };
		B2152B832D55CF01004FD988 /* ViewModel.swift in Sources */ = {isa = PBXBuildFile; fileRef = B2152B802D55CF01004FD988 /* ViewModel.swift */; };
		B2152B852D55CF4B004FD988 /* Customizable.swift in Sources */ = {isa = PBXBuildFile; fileRef = B2152B842D55CF4B004FD988 /* Customizable.swift */; };
		B2152B882D55CFDC004FD988 /* InitializeManager.swift in Sources */ = {isa = PBXBuildFile; fileRef = B2152B872D55CFDC004FD988 /* InitializeManager.swift */; };
		B2152B8A2D55D1A2004FD988 /* Initialize.swift in Sources */ = {isa = PBXBuildFile; fileRef = B2152B892D55D1A2004FD988 /* Initialize.swift */; };
		B2152B8D2D55D22A004FD988 /* RealHTTP in Frameworks */ = {isa = PBXBuildFile; productRef = B2152B8C2D55D22A004FD988 /* RealHTTP */; };
		B2152B902D55D287004FD988 /* Defaults in Frameworks */ = {isa = PBXBuildFile; productRef = B2152B8F2D55D287004FD988 /* Defaults */; };
		B2152B962D55D43C004FD988 /* AppContainer.swift in Sources */ = {isa = PBXBuildFile; fileRef = B2152B952D55D43C004FD988 /* AppContainer.swift */; };
		B2152B9B2D55D557004FD988 /* AppDataSource.swift in Sources */ = {isa = PBXBuildFile; fileRef = B2152B992D55D557004FD988 /* AppDataSource.swift */; };
		B2152B9C2D55D557004FD988 /* AppRemoteDataSource.swift in Sources */ = {isa = PBXBuildFile; fileRef = B2152B9A2D55D557004FD988 /* AppRemoteDataSource.swift */; };
		B2152B9E2D55D642004FD988 /* SharedContainer.swift in Sources */ = {isa = PBXBuildFile; fileRef = B2152B9D2D55D642004FD988 /* SharedContainer.swift */; };
		B2152BA42D55D775004FD988 /* AppRepository.swift in Sources */ = {isa = PBXBuildFile; fileRef = B2152BA22D55D775004FD988 /* AppRepository.swift */; };
		B2152BA52D55D775004FD988 /* AppDataRepository.swift in Sources */ = {isa = PBXBuildFile; fileRef = B2152BA32D55D775004FD988 /* AppDataRepository.swift */; };
		B2152BAB2D55E09A004FD988 /* Factory in Frameworks */ = {isa = PBXBuildFile; productRef = B2152BAA2D55E09A004FD988 /* Factory */; };
		B2152BAF2D55E202004FD988 /* AppCoordinator.swift in Sources */ = {isa = PBXBuildFile; fileRef = B2152BAD2D55E202004FD988 /* AppCoordinator.swift */; };
		B2152BB02D55E202004FD988 /* AppRouter.swift in Sources */ = {isa = PBXBuildFile; fileRef = B2152BAE2D55E202004FD988 /* AppRouter.swift */; };
		B2152BB32D55E23E004FD988 /* BaseCoordinator.swift in Sources */ = {isa = PBXBuildFile; fileRef = B2152BB22D55E23E004FD988 /* BaseCoordinator.swift */; };
		B2152BB52D55E39F004FD988 /* CoordinatorFactory.swift in Sources */ = {isa = PBXBuildFile; fileRef = B2152BB42D55E39F004FD988 /* CoordinatorFactory.swift */; };
		B2152BBA2D55E3EC004FD988 /* TabbarCoordinator.swift in Sources */ = {isa = PBXBuildFile; fileRef = B2152BB72D55E3EC004FD988 /* TabbarCoordinator.swift */; };
		B2152BBB2D55E3EC004FD988 /* TabbarView.swift in Sources */ = {isa = PBXBuildFile; fileRef = B2152BB82D55E3EC004FD988 /* TabbarView.swift */; };
		B2152BBC2D55E3EC004FD988 /* TabbarCoordinatorResult.swift in Sources */ = {isa = PBXBuildFile; fileRef = B2152BB92D55E3EC004FD988 /* TabbarCoordinatorResult.swift */; };
		B2152BBE2D55E483004FD988 /* Instructor.swift in Sources */ = {isa = PBXBuildFile; fileRef = B2152BBD2D55E483004FD988 /* Instructor.swift */; };
		B2152BC12D55E67F004FD988 /* AppCoordinatorFactory.swift in Sources */ = {isa = PBXBuildFile; fileRef = B2152BC02D55E67F004FD988 /* AppCoordinatorFactory.swift */; };
		B2152BC72D55E6F6004FD988 /* TabbarVC.swift in Sources */ = {isa = PBXBuildFile; fileRef = B2152BC32D55E6F6004FD988 /* TabbarVC.swift */; };
		B2152BCD2D55E785004FD988 /* Int+Extensions.swift in Sources */ = {isa = PBXBuildFile; fileRef = B2152BCC2D55E785004FD988 /* Int+Extensions.swift */; };
		B2152BCF2D55E7B5004FD988 /* Constants.swift in Sources */ = {isa = PBXBuildFile; fileRef = B2152BCE2D55E7B5004FD988 /* Constants.swift */; };
		B2152BD12D55E7D3004FD988 /* UIDevice+Extensions.swift in Sources */ = {isa = PBXBuildFile; fileRef = B2152BD02D55E7D3004FD988 /* UIDevice+Extensions.swift */; };
		B2152BD42D55E87C004FD988 /* DeviceKit in Frameworks */ = {isa = PBXBuildFile; productRef = B2152BD32D55E87C004FD988 /* DeviceKit */; };
		B2152BD62D55E92E004FD988 /* UIView+Layout.swift in Sources */ = {isa = PBXBuildFile; fileRef = B2152BD52D55E92E004FD988 /* UIView+Layout.swift */; };
		B2152BD92D55FC40004FD988 /* MainNewsCoordinator.swift in Sources */ = {isa = PBXBuildFile; fileRef = B2152BD82D55FC40004FD988 /* MainNewsCoordinator.swift */; };
		B2152BDB2D55FC4B004FD988 /* MainNewsCoordinatorResult.swift in Sources */ = {isa = PBXBuildFile; fileRef = B2152BDA2D55FC4B004FD988 /* MainNewsCoordinatorResult.swift */; };
		B2152BDD2D55FD3D004FD988 /* MainNewsFactory.swift in Sources */ = {isa = PBXBuildFile; fileRef = B2152BDC2D55FD3D004FD988 /* MainNewsFactory.swift */; };
		B2152BDF2D56083B004FD988 /* UITabbarItem+Extensions.swift in Sources */ = {isa = PBXBuildFile; fileRef = B2152BDE2D56083B004FD988 /* UITabbarItem+Extensions.swift */; };
		B2152BE52D572BA9004FD988 /* NewsVM.swift in Sources */ = {isa = PBXBuildFile; fileRef = B2152BE12D572BA9004FD988 /* NewsVM.swift */; };
		B2152BE62D572BA9004FD988 /* NewsBuilder.swift in Sources */ = {isa = PBXBuildFile; fileRef = B2152BE22D572BA9004FD988 /* NewsBuilder.swift */; };
		B2152BE72D572BA9004FD988 /* NewsVC.swift in Sources */ = {isa = PBXBuildFile; fileRef = B2152BE32D572BA9004FD988 /* NewsVC.swift */; };
		B2152BE82D572BA9004FD988 /* NewsCV.swift in Sources */ = {isa = PBXBuildFile; fileRef = B2152BE42D572BA9004FD988 /* NewsCV.swift */; };
		B2152BEC2D572F14004FD988 /* TableView.swift in Sources */ = {isa = PBXBuildFile; fileRef = B2152BEB2D572F14004FD988 /* TableView.swift */; };
		B2152BEE2D572F1F004FD988 /* TableViewCell.swift in Sources */ = {isa = PBXBuildFile; fileRef = B2152BED2D572F1F004FD988 /* TableViewCell.swift */; };
		B27DC9882D58987E005A9006 /* NavigationBar.swift in Sources */ = {isa = PBXBuildFile; fileRef = B27DC9872D58987E005A9006 /* NavigationBar.swift */; };
		B27DC98A2D58AD06005A9006 /* RealmDatabaseManager.swift in Sources */ = {isa = PBXBuildFile; fileRef = B27DC9892D58AD06005A9006 /* RealmDatabaseManager.swift */; };
		B27DC98D2D58C85A005A9006 /* SavedNewsCoordinator.swift in Sources */ = {isa = PBXBuildFile; fileRef = B27DC98C2D58C85A005A9006 /* SavedNewsCoordinator.swift */; };
		B27DC98F2D58C863005A9006 /* SavedNewsCoordinatorResult.swift in Sources */ = {isa = PBXBuildFile; fileRef = B27DC98E2D58C863005A9006 /* SavedNewsCoordinatorResult.swift */; };
		B27DC9912D58C899005A9006 /* SavedNewsFactory.swift in Sources */ = {isa = PBXBuildFile; fileRef = B27DC9902D58C899005A9006 /* SavedNewsFactory.swift */; };
		B27DC9972D58CC7B005A9006 /* SavedNewsVM.swift in Sources */ = {isa = PBXBuildFile; fileRef = B27DC9932D58CC7B005A9006 /* SavedNewsVM.swift */; };
		B27DC9982D58CC7B005A9006 /* SavedNewsBuilder.swift in Sources */ = {isa = PBXBuildFile; fileRef = B27DC9942D58CC7B005A9006 /* SavedNewsBuilder.swift */; };
		B27DC9992D58CC7B005A9006 /* SavedNewsVC.swift in Sources */ = {isa = PBXBuildFile; fileRef = B27DC9952D58CC7B005A9006 /* SavedNewsVC.swift */; };
		B27DC99A2D58CC7B005A9006 /* SavedNewsCV.swift in Sources */ = {isa = PBXBuildFile; fileRef = B27DC9962D58CC7B005A9006 /* SavedNewsCV.swift */; };
		B27DC99C2D58D059005A9006 /* EmptyPlaceholderView.swift in Sources */ = {isa = PBXBuildFile; fileRef = B27DC99B2D58D059005A9006 /* EmptyPlaceholderView.swift */; };
		B285AA752D57753C0014FC98 /* Kingfisher in Frameworks */ = {isa = PBXBuildFile; productRef = B285AA742D57753C0014FC98 /* Kingfisher */; };
		B285AA902D5788160014FC98 /* Realm in Frameworks */ = {isa = PBXBuildFile; productRef = B285AA8F2D5788160014FC98 /* Realm */; };
		B285AA922D5788160014FC98 /* RealmSwift in Frameworks */ = {isa = PBXBuildFile; productRef = B285AA912D5788160014FC98 /* RealmSwift */; };
		B285AA942D5797210014FC98 /* ToastPresentable.swift in Sources */ = {isa = PBXBuildFile; fileRef = B285AA932D5797210014FC98 /* ToastPresentable.swift */; };
		B285AA982D5797930014FC98 /* ToastView.swift in Sources */ = {isa = PBXBuildFile; fileRef = B285AA962D5797930014FC98 /* ToastView.swift */; };
		B285AA992D5797930014FC98 /* Toast.swift in Sources */ = {isa = PBXBuildFile; fileRef = B285AA972D5797930014FC98 /* Toast.swift */; };
		B285AA9B2D5797E50014FC98 /* UIApplication+Extensions.swift in Sources */ = {isa = PBXBuildFile; fileRef = B285AA9A2D5797E50014FC98 /* UIApplication+Extensions.swift */; };
		B285AAA12D57C4380014FC98 /* NewsDetailsVM.swift in Sources */ = {isa = PBXBuildFile; fileRef = B285AA9D2D57C4380014FC98 /* NewsDetailsVM.swift */; };
		B285AAA22D57C4380014FC98 /* NewsDetailsBuilder.swift in Sources */ = {isa = PBXBuildFile; fileRef = B285AA9E2D57C4380014FC98 /* NewsDetailsBuilder.swift */; };
		B285AAA32D57C4380014FC98 /* NewsDetailsVC.swift in Sources */ = {isa = PBXBuildFile; fileRef = B285AA9F2D57C4380014FC98 /* NewsDetailsVC.swift */; };
		B285AAA42D57C4380014FC98 /* NewsDetailsCV.swift in Sources */ = {isa = PBXBuildFile; fileRef = B285AAA02D57C4380014FC98 /* NewsDetailsCV.swift */; };
		B2ECAB802D576A950020CF64 /* RealmList+Extensions.swift in Sources */ = {isa = PBXBuildFile; fileRef = B2ECAB7F2D576A950020CF64 /* RealmList+Extensions.swift */; };
		B2ECAB822D576B290020CF64 /* ActivityPresentable.swift in Sources */ = {isa = PBXBuildFile; fileRef = B2ECAB812D576B290020CF64 /* ActivityPresentable.swift */; };
		B2ECAB882D576B470020CF64 /* ActivityIndicatorViewStyle.swift in Sources */ = {isa = PBXBuildFile; fileRef = B2ECAB842D576B470020CF64 /* ActivityIndicatorViewStyle.swift */; };
		B2ECAB892D576B470020CF64 /* ActivityIndicatorOverlayView.swift in Sources */ = {isa = PBXBuildFile; fileRef = B2ECAB852D576B470020CF64 /* ActivityIndicatorOverlayView.swift */; };
		B2ECAB8A2D576B470020CF64 /* CAGradientLayer+Extensions.swift in Sources */ = {isa = PBXBuildFile; fileRef = B2ECAB862D576B470020CF64 /* CAGradientLayer+Extensions.swift */; };
		B2ECAB8B2D576B470020CF64 /* ActivityIndicatorView.swift in Sources */ = {isa = PBXBuildFile; fileRef = B2ECAB872D576B470020CF64 /* ActivityIndicatorView.swift */; };
		B2ECAB8D2D576B730020CF64 /* InteractionBlockable.swift in Sources */ = {isa = PBXBuildFile; fileRef = B2ECAB8C2D576B730020CF64 /* InteractionBlockable.swift */; };
/* End PBXBuildFile section */

/* Begin PBXFileReference section */
		B20CE4022D5730D700CDEFC9 /* UIView+Extensions.swift */ = {isa = PBXFileReference; fileEncoding = 4; lastKnownFileType = sourcecode.swift; path = "UIView+Extensions.swift"; sourceTree = "<group>"; };
		B20CE4042D5731CD00CDEFC9 /* ModuleBuilder.swift */ = {isa = PBXFileReference; fileEncoding = 4; lastKnownFileType = sourcecode.swift; path = ModuleBuilder.swift; sourceTree = "<group>"; };
		B20CE4072D573A8800CDEFC9 /* NewsTVCell.swift */ = {isa = PBXFileReference; lastKnownFileType = sourcecode.swift; path = NewsTVCell.swift; sourceTree = "<group>"; };
		B20CE4082D573A8800CDEFC9 /* NewsTVCellCV.swift */ = {isa = PBXFileReference; lastKnownFileType = sourcecode.swift; path = NewsTVCellCV.swift; sourceTree = "<group>"; };
		B20CE4112D57633D00CDEFC9 /* NewsModels.swift */ = {isa = PBXFileReference; lastKnownFileType = sourcecode.swift; path = NewsModels.swift; sourceTree = "<group>"; };
		B20CE4142D57668800CDEFC9 /* AppRequests.swift */ = {isa = PBXFileReference; lastKnownFileType = sourcecode.swift; path = AppRequests.swift; sourceTree = "<group>"; };
		B20CE4162D5766D500CDEFC9 /* RealHTTP+Extension.swift */ = {isa = PBXFileReference; fileEncoding = 4; lastKnownFileType = sourcecode.swift; path = "RealHTTP+Extension.swift"; sourceTree = "<group>"; };
		B2152B512D55CAFD004FD988 /* NewsApp.app */ = {isa = PBXFileReference; explicitFileType = wrapper.application; includeInIndex = 0; path = NewsApp.app; sourceTree = BUILT_PRODUCTS_DIR; };
		B2152B542D55CAFD004FD988 /* AppDelegate.swift */ = {isa = PBXFileReference; lastKnownFileType = sourcecode.swift; path = AppDelegate.swift; sourceTree = "<group>"; };
		B2152B5D2D55CAFE004FD988 /* Assets.xcassets */ = {isa = PBXFileReference; lastKnownFileType = folder.assetcatalog; path = Assets.xcassets; sourceTree = "<group>"; };
		B2152B602D55CAFE004FD988 /* Base */ = {isa = PBXFileReference; lastKnownFileType = file.storyboard; name = Base; path = Base.lproj/LaunchScreen.storyboard; sourceTree = "<group>"; };
		B2152B622D55CAFE004FD988 /* Info.plist */ = {isa = PBXFileReference; lastKnownFileType = text.plist.xml; path = Info.plist; sourceTree = "<group>"; };
		B2152B6A2D55CCE9004FD988 /* Presentable.swift */ = {isa = PBXFileReference; fileEncoding = 4; lastKnownFileType = sourcecode.swift; path = Presentable.swift; sourceTree = "<group>"; };
		B2152B6B2D55CCE9004FD988 /* Router.swift */ = {isa = PBXFileReference; fileEncoding = 4; lastKnownFileType = sourcecode.swift; path = Router.swift; sourceTree = "<group>"; };
		B2152B6C2D55CCE9004FD988 /* Coordinator.swift */ = {isa = PBXFileReference; fileEncoding = 4; lastKnownFileType = sourcecode.swift; path = Coordinator.swift; sourceTree = "<group>"; };
		B2152B7E2D55CF01004FD988 /* BaseVC.swift */ = {isa = PBXFileReference; fileEncoding = 4; lastKnownFileType = sourcecode.swift; path = BaseVC.swift; sourceTree = "<group>"; };
		B2152B7F2D55CF01004FD988 /* BaseNC.swift */ = {isa = PBXFileReference; fileEncoding = 4; lastKnownFileType = sourcecode.swift; path = BaseNC.swift; sourceTree = "<group>"; };
		B2152B802D55CF01004FD988 /* ViewModel.swift */ = {isa = PBXFileReference; fileEncoding = 4; lastKnownFileType = sourcecode.swift; path = ViewModel.swift; sourceTree = "<group>"; };
		B2152B842D55CF4B004FD988 /* Customizable.swift */ = {isa = PBXFileReference; fileEncoding = 4; lastKnownFileType = sourcecode.swift; path = Customizable.swift; sourceTree = "<group>"; };
		B2152B872D55CFDC004FD988 /* InitializeManager.swift */ = {isa = PBXFileReference; fileEncoding = 4; lastKnownFileType = sourcecode.swift; path = InitializeManager.swift; sourceTree = "<group>"; };
		B2152B892D55D1A2004FD988 /* Initialize.swift */ = {isa = PBXFileReference; fileEncoding = 4; lastKnownFileType = sourcecode.swift; path = Initialize.swift; sourceTree = "<group>"; };
		B2152B952D55D43C004FD988 /* AppContainer.swift */ = {isa = PBXFileReference; fileEncoding = 4; lastKnownFileType = sourcecode.swift; path = AppContainer.swift; sourceTree = "<group>"; };
		B2152B992D55D557004FD988 /* AppDataSource.swift */ = {isa = PBXFileReference; fileEncoding = 4; lastKnownFileType = sourcecode.swift; path = AppDataSource.swift; sourceTree = "<group>"; };
		B2152B9A2D55D557004FD988 /* AppRemoteDataSource.swift */ = {isa = PBXFileReference; fileEncoding = 4; lastKnownFileType = sourcecode.swift; path = AppRemoteDataSource.swift; sourceTree = "<group>"; };
		B2152B9D2D55D642004FD988 /* SharedContainer.swift */ = {isa = PBXFileReference; fileEncoding = 4; lastKnownFileType = sourcecode.swift; path = SharedContainer.swift; sourceTree = "<group>"; };
		B2152BA22D55D775004FD988 /* AppRepository.swift */ = {isa = PBXFileReference; fileEncoding = 4; lastKnownFileType = sourcecode.swift; path = AppRepository.swift; sourceTree = "<group>"; };
		B2152BA32D55D775004FD988 /* AppDataRepository.swift */ = {isa = PBXFileReference; fileEncoding = 4; lastKnownFileType = sourcecode.swift; path = AppDataRepository.swift; sourceTree = "<group>"; };
		B2152BAD2D55E202004FD988 /* AppCoordinator.swift */ = {isa = PBXFileReference; fileEncoding = 4; lastKnownFileType = sourcecode.swift; path = AppCoordinator.swift; sourceTree = "<group>"; };
		B2152BAE2D55E202004FD988 /* AppRouter.swift */ = {isa = PBXFileReference; fileEncoding = 4; lastKnownFileType = sourcecode.swift; path = AppRouter.swift; sourceTree = "<group>"; };
		B2152BB22D55E23E004FD988 /* BaseCoordinator.swift */ = {isa = PBXFileReference; fileEncoding = 4; lastKnownFileType = sourcecode.swift; path = BaseCoordinator.swift; sourceTree = "<group>"; };
		B2152BB42D55E39F004FD988 /* CoordinatorFactory.swift */ = {isa = PBXFileReference; fileEncoding = 4; lastKnownFileType = sourcecode.swift; path = CoordinatorFactory.swift; sourceTree = "<group>"; };
		B2152BB72D55E3EC004FD988 /* TabbarCoordinator.swift */ = {isa = PBXFileReference; fileEncoding = 4; lastKnownFileType = sourcecode.swift; path = TabbarCoordinator.swift; sourceTree = "<group>"; };
		B2152BB82D55E3EC004FD988 /* TabbarView.swift */ = {isa = PBXFileReference; fileEncoding = 4; lastKnownFileType = sourcecode.swift; path = TabbarView.swift; sourceTree = "<group>"; };
		B2152BB92D55E3EC004FD988 /* TabbarCoordinatorResult.swift */ = {isa = PBXFileReference; fileEncoding = 4; lastKnownFileType = sourcecode.swift; path = TabbarCoordinatorResult.swift; sourceTree = "<group>"; };
		B2152BBD2D55E483004FD988 /* Instructor.swift */ = {isa = PBXFileReference; fileEncoding = 4; lastKnownFileType = sourcecode.swift; path = Instructor.swift; sourceTree = "<group>"; };
		B2152BC02D55E67F004FD988 /* AppCoordinatorFactory.swift */ = {isa = PBXFileReference; fileEncoding = 4; lastKnownFileType = sourcecode.swift; path = AppCoordinatorFactory.swift; sourceTree = "<group>"; };
		B2152BC32D55E6F6004FD988 /* TabbarVC.swift */ = {isa = PBXFileReference; fileEncoding = 4; lastKnownFileType = sourcecode.swift; path = TabbarVC.swift; sourceTree = "<group>"; };
		B2152BCC2D55E785004FD988 /* Int+Extensions.swift */ = {isa = PBXFileReference; fileEncoding = 4; lastKnownFileType = sourcecode.swift; path = "Int+Extensions.swift"; sourceTree = "<group>"; };
		B2152BCE2D55E7B5004FD988 /* Constants.swift */ = {isa = PBXFileReference; fileEncoding = 4; lastKnownFileType = sourcecode.swift; path = Constants.swift; sourceTree = "<group>"; };
		B2152BD02D55E7D3004FD988 /* UIDevice+Extensions.swift */ = {isa = PBXFileReference; fileEncoding = 4; lastKnownFileType = sourcecode.swift; path = "UIDevice+Extensions.swift"; sourceTree = "<group>"; };
		B2152BD52D55E92E004FD988 /* UIView+Layout.swift */ = {isa = PBXFileReference; fileEncoding = 4; lastKnownFileType = sourcecode.swift; path = "UIView+Layout.swift"; sourceTree = "<group>"; };
		B2152BD82D55FC40004FD988 /* MainNewsCoordinator.swift */ = {isa = PBXFileReference; lastKnownFileType = sourcecode.swift; path = MainNewsCoordinator.swift; sourceTree = "<group>"; };
		B2152BDA2D55FC4B004FD988 /* MainNewsCoordinatorResult.swift */ = {isa = PBXFileReference; lastKnownFileType = sourcecode.swift; path = MainNewsCoordinatorResult.swift; sourceTree = "<group>"; };
		B2152BDC2D55FD3D004FD988 /* MainNewsFactory.swift */ = {isa = PBXFileReference; lastKnownFileType = sourcecode.swift; path = MainNewsFactory.swift; sourceTree = "<group>"; };
		B2152BDE2D56083B004FD988 /* UITabbarItem+Extensions.swift */ = {isa = PBXFileReference; fileEncoding = 4; lastKnownFileType = sourcecode.swift; path = "UITabbarItem+Extensions.swift"; sourceTree = "<group>"; };
		B2152BE12D572BA9004FD988 /* NewsVM.swift */ = {isa = PBXFileReference; lastKnownFileType = sourcecode.swift; path = NewsVM.swift; sourceTree = "<group>"; };
		B2152BE22D572BA9004FD988 /* NewsBuilder.swift */ = {isa = PBXFileReference; lastKnownFileType = sourcecode.swift; path = NewsBuilder.swift; sourceTree = "<group>"; };
		B2152BE32D572BA9004FD988 /* NewsVC.swift */ = {isa = PBXFileReference; lastKnownFileType = sourcecode.swift; path = NewsVC.swift; sourceTree = "<group>"; };
		B2152BE42D572BA9004FD988 /* NewsCV.swift */ = {isa = PBXFileReference; lastKnownFileType = sourcecode.swift; path = NewsCV.swift; sourceTree = "<group>"; };
		B2152BEB2D572F14004FD988 /* TableView.swift */ = {isa = PBXFileReference; fileEncoding = 4; lastKnownFileType = sourcecode.swift; path = TableView.swift; sourceTree = "<group>"; };
		B2152BED2D572F1F004FD988 /* TableViewCell.swift */ = {isa = PBXFileReference; fileEncoding = 4; lastKnownFileType = sourcecode.swift; path = TableViewCell.swift; sourceTree = "<group>"; };
		B239D4332DC08CA0009DF5AA /* Staging.xcconfig */ = {isa = PBXFileReference; lastKnownFileType = text.xcconfig; path = Staging.xcconfig; sourceTree = "<group>"; };
		B239D4342DC08CAB009DF5AA /* UAT.xcconfig */ = {isa = PBXFileReference; lastKnownFileType = text.xcconfig; path = UAT.xcconfig; sourceTree = "<group>"; };
		B239D4352DC08CC1009DF5AA /* Production.xcconfig */ = {isa = PBXFileReference; lastKnownFileType = text.xcconfig; path = Production.xcconfig; sourceTree = "<group>"; };
		B27DC9872D58987E005A9006 /* NavigationBar.swift */ = {isa = PBXFileReference; lastKnownFileType = sourcecode.swift; path = NavigationBar.swift; sourceTree = "<group>"; };
		B27DC9892D58AD06005A9006 /* RealmDatabaseManager.swift */ = {isa = PBXFileReference; fileEncoding = 4; lastKnownFileType = sourcecode.swift; path = RealmDatabaseManager.swift; sourceTree = "<group>"; };
		B27DC98C2D58C85A005A9006 /* SavedNewsCoordinator.swift */ = {isa = PBXFileReference; lastKnownFileType = sourcecode.swift; path = SavedNewsCoordinator.swift; sourceTree = "<group>"; };
		B27DC98E2D58C863005A9006 /* SavedNewsCoordinatorResult.swift */ = {isa = PBXFileReference; lastKnownFileType = sourcecode.swift; path = SavedNewsCoordinatorResult.swift; sourceTree = "<group>"; };
		B27DC9902D58C899005A9006 /* SavedNewsFactory.swift */ = {isa = PBXFileReference; lastKnownFileType = sourcecode.swift; path = SavedNewsFactory.swift; sourceTree = "<group>"; };
		B27DC9932D58CC7B005A9006 /* SavedNewsVM.swift */ = {isa = PBXFileReference; lastKnownFileType = sourcecode.swift; path = SavedNewsVM.swift; sourceTree = "<group>"; };
		B27DC9942D58CC7B005A9006 /* SavedNewsBuilder.swift */ = {isa = PBXFileReference; lastKnownFileType = sourcecode.swift; path = SavedNewsBuilder.swift; sourceTree = "<group>"; };
		B27DC9952D58CC7B005A9006 /* SavedNewsVC.swift */ = {isa = PBXFileReference; lastKnownFileType = sourcecode.swift; path = SavedNewsVC.swift; sourceTree = "<group>"; };
		B27DC9962D58CC7B005A9006 /* SavedNewsCV.swift */ = {isa = PBXFileReference; lastKnownFileType = sourcecode.swift; path = SavedNewsCV.swift; sourceTree = "<group>"; };
		B27DC99B2D58D059005A9006 /* EmptyPlaceholderView.swift */ = {isa = PBXFileReference; fileEncoding = 4; lastKnownFileType = sourcecode.swift; path = EmptyPlaceholderView.swift; sourceTree = "<group>"; };
		B285AA932D5797210014FC98 /* ToastPresentable.swift */ = {isa = PBXFileReference; fileEncoding = 4; lastKnownFileType = sourcecode.swift; path = ToastPresentable.swift; sourceTree = "<group>"; };
		B285AA962D5797930014FC98 /* ToastView.swift */ = {isa = PBXFileReference; fileEncoding = 4; lastKnownFileType = sourcecode.swift; path = ToastView.swift; sourceTree = "<group>"; };
		B285AA972D5797930014FC98 /* Toast.swift */ = {isa = PBXFileReference; fileEncoding = 4; lastKnownFileType = sourcecode.swift; path = Toast.swift; sourceTree = "<group>"; };
		B285AA9A2D5797E50014FC98 /* UIApplication+Extensions.swift */ = {isa = PBXFileReference; fileEncoding = 4; lastKnownFileType = sourcecode.swift; path = "UIApplication+Extensions.swift"; sourceTree = "<group>"; };
		B285AA9D2D57C4380014FC98 /* NewsDetailsVM.swift */ = {isa = PBXFileReference; lastKnownFileType = sourcecode.swift; path = NewsDetailsVM.swift; sourceTree = "<group>"; };
		B285AA9E2D57C4380014FC98 /* NewsDetailsBuilder.swift */ = {isa = PBXFileReference; lastKnownFileType = sourcecode.swift; path = NewsDetailsBuilder.swift; sourceTree = "<group>"; };
		B285AA9F2D57C4380014FC98 /* NewsDetailsVC.swift */ = {isa = PBXFileReference; lastKnownFileType = sourcecode.swift; path = NewsDetailsVC.swift; sourceTree = "<group>"; };
		B285AAA02D57C4380014FC98 /* NewsDetailsCV.swift */ = {isa = PBXFileReference; lastKnownFileType = sourcecode.swift; path = NewsDetailsCV.swift; sourceTree = "<group>"; };
		B2ECAB7F2D576A950020CF64 /* RealmList+Extensions.swift */ = {isa = PBXFileReference; fileEncoding = 4; lastKnownFileType = sourcecode.swift; path = "RealmList+Extensions.swift"; sourceTree = "<group>"; };
		B2ECAB812D576B290020CF64 /* ActivityPresentable.swift */ = {isa = PBXFileReference; fileEncoding = 4; lastKnownFileType = sourcecode.swift; path = ActivityPresentable.swift; sourceTree = "<group>"; };
		B2ECAB842D576B470020CF64 /* ActivityIndicatorViewStyle.swift */ = {isa = PBXFileReference; fileEncoding = 4; lastKnownFileType = sourcecode.swift; path = ActivityIndicatorViewStyle.swift; sourceTree = "<group>"; };
		B2ECAB852D576B470020CF64 /* ActivityIndicatorOverlayView.swift */ = {isa = PBXFileReference; fileEncoding = 4; lastKnownFileType = sourcecode.swift; path = ActivityIndicatorOverlayView.swift; sourceTree = "<group>"; };
		B2ECAB862D576B470020CF64 /* CAGradientLayer+Extensions.swift */ = {isa = PBXFileReference; fileEncoding = 4; lastKnownFileType = sourcecode.swift; path = "CAGradientLayer+Extensions.swift"; sourceTree = "<group>"; };
		B2ECAB872D576B470020CF64 /* ActivityIndicatorView.swift */ = {isa = PBXFileReference; fileEncoding = 4; lastKnownFileType = sourcecode.swift; path = ActivityIndicatorView.swift; sourceTree = "<group>"; };
		B2ECAB8C2D576B730020CF64 /* InteractionBlockable.swift */ = {isa = PBXFileReference; fileEncoding = 4; lastKnownFileType = sourcecode.swift; path = InteractionBlockable.swift; sourceTree = "<group>"; };
/* End PBXFileReference section */

/* Begin PBXFrameworksBuildPhase section */
		B2152B4E2D55CAFD004FD988 /* Frameworks */ = {
			isa = PBXFrameworksBuildPhase;
			buildActionMask = 2147483647;
			files = (
				B285AA902D5788160014FC98 /* Realm in Frameworks */,
				B285AA752D57753C0014FC98 /* Kingfisher in Frameworks */,
				B285AA922D5788160014FC98 /* RealmSwift in Frameworks */,
				B2152BAB2D55E09A004FD988 /* Factory in Frameworks */,
				B2152BD42D55E87C004FD988 /* DeviceKit in Frameworks */,
				B2152B902D55D287004FD988 /* Defaults in Frameworks */,
				B2152B8D2D55D22A004FD988 /* RealHTTP in Frameworks */,
			);
			runOnlyForDeploymentPostprocessing = 0;
		};
/* End PBXFrameworksBuildPhase section */

/* Begin PBXGroup section */
		B20CE4062D573A7B00CDEFC9 /* Cell */ = {
			isa = PBXGroup;
			children = (
				B20CE4072D573A8800CDEFC9 /* NewsTVCell.swift */,
				B20CE4082D573A8800CDEFC9 /* NewsTVCellCV.swift */,
			);
			path = Cell;
			sourceTree = "<group>";
		};
		B20CE40B2D5762B800CDEFC9 /* Models */ = {
			isa = PBXGroup;
			children = (
				B20CE4112D57633D00CDEFC9 /* NewsModels.swift */,
			);
			path = Models;
			sourceTree = "<group>";
		};
		B20CE4132D5765DB00CDEFC9 /* Requests */ = {
			isa = PBXGroup;
			children = (
				B20CE4142D57668800CDEFC9 /* AppRequests.swift */,
			);
			path = Requests;
			sourceTree = "<group>";
		};
		B2152B482D55CAFD004FD988 = {
			isa = PBXGroup;
			children = (
				B239D4322DC08C3C009DF5AA /* Configs */,
				B2152B532D55CAFD004FD988 /* NewsApp */,
				B2152B522D55CAFD004FD988 /* Products */,
			);
			sourceTree = "<group>";
		};
		B2152B522D55CAFD004FD988 /* Products */ = {
			isa = PBXGroup;
			children = (
				B2152B512D55CAFD004FD988 /* NewsApp.app */,
			);
			name = Products;
			sourceTree = "<group>";
		};
		B2152B532D55CAFD004FD988 /* NewsApp */ = {
			isa = PBXGroup;
			children = (
				B2152B702D55CD5E004FD988 /* App */,
				B2152B862D55CFCD004FD988 /* Services */,
				B2152BBF2D55E65E004FD988 /* Factories */,
				B2152B942D55D42B004FD988 /* Containers */,
				B2152B682D55CCDD004FD988 /* Coordinators */,
				B2152B722D55CDB6004FD988 /* Features */,
				B2152BCA2D55E754004FD988 /* Utils */,
			);
			path = NewsApp;
			sourceTree = "<group>";
		};
		B2152B682D55CCDD004FD988 /* Coordinators */ = {
			isa = PBXGroup;
			children = (
				B2152BB12D55E236004FD988 /* Core */,
				B2152BAC2D55E202004FD988 /* App */,
				B2152BB62D55E3EC004FD988 /* Tabbar */,
				B2152BD72D55FBF4004FD988 /* MainNews */,
				B27DC98B2D58C832005A9006 /* SavedNews */,
			);
			path = Coordinators;
			sourceTree = "<group>";
		};
		B2152B692D55CCE9004FD988 /* Protocols */ = {
			isa = PBXGroup;
			children = (
				B2152BBD2D55E483004FD988 /* Instructor.swift */,
				B2152B892D55D1A2004FD988 /* Initialize.swift */,
				B285AA932D5797210014FC98 /* ToastPresentable.swift */,
				B2152B6A2D55CCE9004FD988 /* Presentable.swift */,
				B2152B6B2D55CCE9004FD988 /* Router.swift */,
				B20CE4162D5766D500CDEFC9 /* RealHTTP+Extension.swift */,
				B2152B842D55CF4B004FD988 /* Customizable.swift */,
				B20CE4042D5731CD00CDEFC9 /* ModuleBuilder.swift */,
				B2ECAB8C2D576B730020CF64 /* InteractionBlockable.swift */,
				B2152B6C2D55CCE9004FD988 /* Coordinator.swift */,
				B2152BB42D55E39F004FD988 /* CoordinatorFactory.swift */,
				B2ECAB812D576B290020CF64 /* ActivityPresentable.swift */,
			);
			path = Protocols;
			sourceTree = "<group>";
		};
		B2152B702D55CD5E004FD988 /* App */ = {
			isa = PBXGroup;
			children = (
				B2152B622D55CAFE004FD988 /* Info.plist */,
				B2152B542D55CAFD004FD988 /* AppDelegate.swift */,
			);
			path = App;
			sourceTree = "<group>";
		};
		B2152B712D55CD9B004FD988 /* Resource */ = {
			isa = PBXGroup;
			children = (
				B2152BCE2D55E7B5004FD988 /* Constants.swift */,
				B2152B5D2D55CAFE004FD988 /* Assets.xcassets */,
				B2152B5F2D55CAFE004FD988 /* LaunchScreen.storyboard */,
			);
			path = Resource;
			sourceTree = "<group>";
		};
		B2152B722D55CDB6004FD988 /* Features */ = {
			isa = PBXGroup;
			children = (
				B2152BC22D55E6F6004FD988 /* Tabbar */,
				B2152BE02D572B84004FD988 /* News */,
				B27DC9922D58CBC3005A9006 /* SavedNews */,
				B285AA9C2D57C4180014FC98 /* NewsDetails */,
			);
			path = Features;
			sourceTree = "<group>";
		};
		B2152B732D55CDC1004FD988 /* Components */ = {
			isa = PBXGroup;
			children = (
				B27DC99B2D58D059005A9006 /* EmptyPlaceholderView.swift */,
				B27DC9872D58987E005A9006 /* NavigationBar.swift */,
				B285AA952D5797930014FC98 /* Toast */,
				B2ECAB832D576B470020CF64 /* ActivityIndicator */,
				B2152B712D55CD9B004FD988 /* Resource */,
				B2152B7D2D55CF01004FD988 /* Base */,
			);
			path = Components;
			sourceTree = "<group>";
		};
		B2152B7D2D55CF01004FD988 /* Base */ = {
			isa = PBXGroup;
			children = (
				B2152B7E2D55CF01004FD988 /* BaseVC.swift */,
				B2152B7F2D55CF01004FD988 /* BaseNC.swift */,
				B2152B802D55CF01004FD988 /* ViewModel.swift */,
			);
			path = Base;
			sourceTree = "<group>";
		};
		B2152B862D55CFCD004FD988 /* Services */ = {
			isa = PBXGroup;
			children = (
				B2152B872D55CFDC004FD988 /* InitializeManager.swift */,
				B27DC9892D58AD06005A9006 /* RealmDatabaseManager.swift */,
				B20CE4132D5765DB00CDEFC9 /* Requests */,
				B20CE40B2D5762B800CDEFC9 /* Models */,
				B2152B972D55D518004FD988 /* Network */,
			);
			path = Services;
			sourceTree = "<group>";
		};
		B2152B942D55D42B004FD988 /* Containers */ = {
			isa = PBXGroup;
			children = (
				B2152B9D2D55D642004FD988 /* SharedContainer.swift */,
				B2152B952D55D43C004FD988 /* AppContainer.swift */,
			);
			path = Containers;
			sourceTree = "<group>";
		};
		B2152B972D55D518004FD988 /* Network */ = {
			isa = PBXGroup;
			children = (
				B2152B982D55D557004FD988 /* App */,
			);
			path = Network;
			sourceTree = "<group>";
		};
		B2152B982D55D557004FD988 /* App */ = {
			isa = PBXGroup;
			children = (
				B2152BA02D55D757004FD988 /* Repositories */,
				B2152B9F2D55D723004FD988 /* DataSources */,
			);
			path = App;
			sourceTree = "<group>";
		};
		B2152B9F2D55D723004FD988 /* DataSources */ = {
			isa = PBXGroup;
			children = (
				B2152B992D55D557004FD988 /* AppDataSource.swift */,
				B2152B9A2D55D557004FD988 /* AppRemoteDataSource.swift */,
			);
			path = DataSources;
			sourceTree = "<group>";
		};
		B2152BA02D55D757004FD988 /* Repositories */ = {
			isa = PBXGroup;
			children = (
				B2152BA22D55D775004FD988 /* AppRepository.swift */,
				B2152BA32D55D775004FD988 /* AppDataRepository.swift */,
			);
			path = Repositories;
			sourceTree = "<group>";
		};
		B2152BAC2D55E202004FD988 /* App */ = {
			isa = PBXGroup;
			children = (
				B2152BAE2D55E202004FD988 /* AppRouter.swift */,
				B2152BAD2D55E202004FD988 /* AppCoordinator.swift */,
			);
			path = App;
			sourceTree = "<group>";
		};
		B2152BB12D55E236004FD988 /* Core */ = {
			isa = PBXGroup;
			children = (
				B2152BB22D55E23E004FD988 /* BaseCoordinator.swift */,
			);
			path = Core;
			sourceTree = "<group>";
		};
		B2152BB62D55E3EC004FD988 /* Tabbar */ = {
			isa = PBXGroup;
			children = (
				B2152BB72D55E3EC004FD988 /* TabbarCoordinator.swift */,
				B2152BB82D55E3EC004FD988 /* TabbarView.swift */,
				B2152BB92D55E3EC004FD988 /* TabbarCoordinatorResult.swift */,
			);
			path = Tabbar;
			sourceTree = "<group>";
		};
		B2152BBF2D55E65E004FD988 /* Factories */ = {
			isa = PBXGroup;
			children = (
				B2152BC02D55E67F004FD988 /* AppCoordinatorFactory.swift */,
				B2152BDC2D55FD3D004FD988 /* MainNewsFactory.swift */,
				B27DC9902D58C899005A9006 /* SavedNewsFactory.swift */,
			);
			path = Factories;
			sourceTree = "<group>";
		};
		B2152BC22D55E6F6004FD988 /* Tabbar */ = {
			isa = PBXGroup;
			children = (
				B2152BC32D55E6F6004FD988 /* TabbarVC.swift */,
			);
			path = Tabbar;
			sourceTree = "<group>";
		};
		B2152BCA2D55E754004FD988 /* Utils */ = {
			isa = PBXGroup;
			children = (
				B2152B692D55CCE9004FD988 /* Protocols */,
				B2152BCB2D55E77B004FD988 /* Extensions */,
				B2152B732D55CDC1004FD988 /* Components */,
			);
			path = Utils;
			sourceTree = "<group>";
		};
		B2152BCB2D55E77B004FD988 /* Extensions */ = {
			isa = PBXGroup;
			children = (
				B2152BD52D55E92E004FD988 /* UIView+Layout.swift */,
				B2152BD02D55E7D3004FD988 /* UIDevice+Extensions.swift */,
				B2152BCC2D55E785004FD988 /* Int+Extensions.swift */,
				B2ECAB7F2D576A950020CF64 /* RealmList+Extensions.swift */,
				B285AA9A2D5797E50014FC98 /* UIApplication+Extensions.swift */,
				B2152BDE2D56083B004FD988 /* UITabbarItem+Extensions.swift */,
				B2152BEB2D572F14004FD988 /* TableView.swift */,
				B2152BED2D572F1F004FD988 /* TableViewCell.swift */,
				B20CE4022D5730D700CDEFC9 /* UIView+Extensions.swift */,
			);
			path = Extensions;
			sourceTree = "<group>";
		};
		B2152BD72D55FBF4004FD988 /* MainNews */ = {
			isa = PBXGroup;
			children = (
				B2152BD82D55FC40004FD988 /* MainNewsCoordinator.swift */,
				B2152BDA2D55FC4B004FD988 /* MainNewsCoordinatorResult.swift */,
			);
			path = MainNews;
			sourceTree = "<group>";
		};
		B2152BE02D572B84004FD988 /* News */ = {
			isa = PBXGroup;
			children = (
				B20CE4062D573A7B00CDEFC9 /* Cell */,
				B2152BE32D572BA9004FD988 /* NewsVC.swift */,
				B2152BE42D572BA9004FD988 /* NewsCV.swift */,
				B2152BE12D572BA9004FD988 /* NewsVM.swift */,
				B2152BE22D572BA9004FD988 /* NewsBuilder.swift */,
			);
			path = News;
			sourceTree = "<group>";
		};
		B239D4322DC08C3C009DF5AA /* Configs */ = {
			isa = PBXGroup;
			children = (
				B239D4332DC08CA0009DF5AA /* Staging.xcconfig */,
				B239D4342DC08CAB009DF5AA /* UAT.xcconfig */,
				B239D4352DC08CC1009DF5AA /* Production.xcconfig */,
			);
			name = Configs;
			sourceTree = "<group>";
		};
		B27DC98B2D58C832005A9006 /* SavedNews */ = {
			isa = PBXGroup;
			children = (
				B27DC98C2D58C85A005A9006 /* SavedNewsCoordinator.swift */,
				B27DC98E2D58C863005A9006 /* SavedNewsCoordinatorResult.swift */,
			);
			path = SavedNews;
			sourceTree = "<group>";
		};
		B27DC9922D58CBC3005A9006 /* SavedNews */ = {
			isa = PBXGroup;
			children = (
				B27DC9952D58CC7B005A9006 /* SavedNewsVC.swift */,
				B27DC9962D58CC7B005A9006 /* SavedNewsCV.swift */,
				B27DC9932D58CC7B005A9006 /* SavedNewsVM.swift */,
				B27DC9942D58CC7B005A9006 /* SavedNewsBuilder.swift */,
			);
			path = SavedNews;
			sourceTree = "<group>";
		};
		B285AA952D5797930014FC98 /* Toast */ = {
			isa = PBXGroup;
			children = (
				B285AA962D5797930014FC98 /* ToastView.swift */,
				B285AA972D5797930014FC98 /* Toast.swift */,
			);
			path = Toast;
			sourceTree = "<group>";
		};
		B285AA9C2D57C4180014FC98 /* NewsDetails */ = {
			isa = PBXGroup;
			children = (
				B285AA9F2D57C4380014FC98 /* NewsDetailsVC.swift */,
				B285AAA02D57C4380014FC98 /* NewsDetailsCV.swift */,
				B285AA9D2D57C4380014FC98 /* NewsDetailsVM.swift */,
				B285AA9E2D57C4380014FC98 /* NewsDetailsBuilder.swift */,
			);
			path = NewsDetails;
			sourceTree = "<group>";
		};
		B2ECAB832D576B470020CF64 /* ActivityIndicator */ = {
			isa = PBXGroup;
			children = (
				B2ECAB842D576B470020CF64 /* ActivityIndicatorViewStyle.swift */,
				B2ECAB852D576B470020CF64 /* ActivityIndicatorOverlayView.swift */,
				B2ECAB862D576B470020CF64 /* CAGradientLayer+Extensions.swift */,
				B2ECAB872D576B470020CF64 /* ActivityIndicatorView.swift */,
			);
			path = ActivityIndicator;
			sourceTree = "<group>";
		};
/* End PBXGroup section */

/* Begin PBXNativeTarget section */
		B2152B502D55CAFD004FD988 /* NewsApp */ = {
			isa = PBXNativeTarget;
			buildConfigurationList = B2152B652D55CAFE004FD988 /* Build configuration list for PBXNativeTarget "NewsApp" */;
			buildPhases = (
				B2152B4D2D55CAFD004FD988 /* Sources */,
				B2152B4E2D55CAFD004FD988 /* Frameworks */,
				B2152B4F2D55CAFD004FD988 /* Resources */,
			);
			buildRules = (
			);
			dependencies = (
			);
			name = NewsApp;
			packageProductDependencies = (
				B2152B8C2D55D22A004FD988 /* RealHTTP */,
				B2152B8F2D55D287004FD988 /* Defaults */,
				B2152BAA2D55E09A004FD988 /* Factory */,
				B2152BD32D55E87C004FD988 /* DeviceKit */,
				B285AA742D57753C0014FC98 /* Kingfisher */,
				B285AA8F2D5788160014FC98 /* Realm */,
				B285AA912D5788160014FC98 /* RealmSwift */,
			);
			productName = NewsApp;
			productReference = B2152B512D55CAFD004FD988 /* NewsApp.app */;
			productType = "com.apple.product-type.application";
		};
/* End PBXNativeTarget section */

/* Begin PBXProject section */
		B2152B492D55CAFD004FD988 /* Project object */ = {
			isa = PBXProject;
			attributes = {
				BuildIndependentTargetsInParallel = 1;
				LastSwiftUpdateCheck = 1520;
				LastUpgradeCheck = 1520;
				TargetAttributes = {
					B2152B502D55CAFD004FD988 = {
						CreatedOnToolsVersion = 15.2;
					};
				};
			};
			buildConfigurationList = B2152B4C2D55CAFD004FD988 /* Build configuration list for PBXProject "NewsApp" */;
			compatibilityVersion = "Xcode 14.0";
			developmentRegion = en;
			hasScannedForEncodings = 0;
			knownRegions = (
				en,
				Base,
			);
			mainGroup = B2152B482D55CAFD004FD988;
			packageReferences = (
				B2152B8B2D55D22A004FD988 /* XCRemoteSwiftPackageReference "RealHTTP" */,
				B2152B8E2D55D287004FD988 /* XCRemoteSwiftPackageReference "Defaults" */,
				B2152BA92D55E09A004FD988 /* XCRemoteSwiftPackageReference "Factory" */,
				B2152BD22D55E87C004FD988 /* XCRemoteSwiftPackageReference "DeviceKit" */,
				B285AA732D57753C0014FC98 /* XCRemoteSwiftPackageReference "Kingfisher" */,
				B285AA8E2D5788160014FC98 /* XCRemoteSwiftPackageReference "realm-swift" */,
			);
			productRefGroup = B2152B522D55CAFD004FD988 /* Products */;
			projectDirPath = "";
			projectRoot = "";
			targets = (
				B2152B502D55CAFD004FD988 /* NewsApp */,
			);
		};
/* End PBXProject section */

/* Begin PBXResourcesBuildPhase section */
		B2152B4F2D55CAFD004FD988 /* Resources */ = {
			isa = PBXResourcesBuildPhase;
			buildActionMask = 2147483647;
			files = (
				B2152B612D55CAFE004FD988 /* LaunchScreen.storyboard in Resources */,
				B2152B5E2D55CAFE004FD988 /* Assets.xcassets in Resources */,
			);
			runOnlyForDeploymentPostprocessing = 0;
		};
/* End PBXResourcesBuildPhase section */

/* Begin PBXSourcesBuildPhase section */
		B2152B4D2D55CAFD004FD988 /* Sources */ = {
			isa = PBXSourcesBuildPhase;
			buildActionMask = 2147483647;
			files = (
				B2152B6E2D55CCEA004FD988 /* Router.swift in Sources */,
				B2152B812D55CF01004FD988 /* BaseVC.swift in Sources */,
				B285AAA22D57C4380014FC98 /* NewsDetailsBuilder.swift in Sources */,
				B2152BB02D55E202004FD988 /* AppRouter.swift in Sources */,
				B2152BA52D55D775004FD988 /* AppDataRepository.swift in Sources */,
				B2152BE52D572BA9004FD988 /* NewsVM.swift in Sources */,
				B2152B9C2D55D557004FD988 /* AppRemoteDataSource.swift in Sources */,
				B20CE4032D5730D700CDEFC9 /* UIView+Extensions.swift in Sources */,
				B2152BCF2D55E7B5004FD988 /* Constants.swift in Sources */,
				B27DC9992D58CC7B005A9006 /* SavedNewsVC.swift in Sources */,
				B27DC98F2D58C863005A9006 /* SavedNewsCoordinatorResult.swift in Sources */,
				B27DC98D2D58C85A005A9006 /* SavedNewsCoordinator.swift in Sources */,
				B2152BD62D55E92E004FD988 /* UIView+Layout.swift in Sources */,
				B27DC9972D58CC7B005A9006 /* SavedNewsVM.swift in Sources */,
				B2152B852D55CF4B004FD988 /* Customizable.swift in Sources */,
				B2152B8A2D55D1A2004FD988 /* Initialize.swift in Sources */,
				B20CE4052D5731CD00CDEFC9 /* ModuleBuilder.swift in Sources */,
				B2ECAB8B2D576B470020CF64 /* ActivityIndicatorView.swift in Sources */,
				B285AAA32D57C4380014FC98 /* NewsDetailsVC.swift in Sources */,
				B2152BBC2D55E3EC004FD988 /* TabbarCoordinatorResult.swift in Sources */,
				B2ECAB892D576B470020CF64 /* ActivityIndicatorOverlayView.swift in Sources */,
				B285AAA12D57C4380014FC98 /* NewsDetailsVM.swift in Sources */,
				B2152BAF2D55E202004FD988 /* AppCoordinator.swift in Sources */,
				B2152BE62D572BA9004FD988 /* NewsBuilder.swift in Sources */,
				B2152BBA2D55E3EC004FD988 /* TabbarCoordinator.swift in Sources */,
				B2ECAB8D2D576B730020CF64 /* InteractionBlockable.swift in Sources */,
				B2152B9E2D55D642004FD988 /* SharedContainer.swift in Sources */,
				B285AAA42D57C4380014FC98 /* NewsDetailsCV.swift in Sources */,
				B2152BC72D55E6F6004FD988 /* TabbarVC.swift in Sources */,
				B20CE4172D5766D500CDEFC9 /* RealHTTP+Extension.swift in Sources */,
				B2152BB52D55E39F004FD988 /* CoordinatorFactory.swift in Sources */,
				B285AA9B2D5797E50014FC98 /* UIApplication+Extensions.swift in Sources */,
				B2152BBE2D55E483004FD988 /* Instructor.swift in Sources */,
				B2152BDF2D56083B004FD988 /* UITabbarItem+Extensions.swift in Sources */,
				B20CE40A2D573A8800CDEFC9 /* NewsTVCellCV.swift in Sources */,
				B2152B962D55D43C004FD988 /* AppContainer.swift in Sources */,
				B27DC99A2D58CC7B005A9006 /* SavedNewsCV.swift in Sources */,
				B285AA982D5797930014FC98 /* ToastView.swift in Sources */,
				B2152B6F2D55CCEA004FD988 /* Coordinator.swift in Sources */,
				B27DC9912D58C899005A9006 /* SavedNewsFactory.swift in Sources */,
				B2152BEC2D572F14004FD988 /* TableView.swift in Sources */,
				B20CE4122D57633D00CDEFC9 /* NewsModels.swift in Sources */,
				B2152B552D55CAFD004FD988 /* AppDelegate.swift in Sources */,
				B2152B822D55CF01004FD988 /* BaseNC.swift in Sources */,
				B20CE4092D573A8800CDEFC9 /* NewsTVCell.swift in Sources */,
				B2152B882D55CFDC004FD988 /* InitializeManager.swift in Sources */,
				B2152BEE2D572F1F004FD988 /* TableViewCell.swift in Sources */,
				B2ECAB882D576B470020CF64 /* ActivityIndicatorViewStyle.swift in Sources */,
				B2ECAB8A2D576B470020CF64 /* CAGradientLayer+Extensions.swift in Sources */,
				B27DC9982D58CC7B005A9006 /* SavedNewsBuilder.swift in Sources */,
				B2152BDD2D55FD3D004FD988 /* MainNewsFactory.swift in Sources */,
				B2152BDB2D55FC4B004FD988 /* MainNewsCoordinatorResult.swift in Sources */,
				B2152BC12D55E67F004FD988 /* AppCoordinatorFactory.swift in Sources */,
				B285AA942D5797210014FC98 /* ToastPresentable.swift in Sources */,
				B2152BB32D55E23E004FD988 /* BaseCoordinator.swift in Sources */,
				B2152BD12D55E7D3004FD988 /* UIDevice+Extensions.swift in Sources */,
				B27DC99C2D58D059005A9006 /* EmptyPlaceholderView.swift in Sources */,
				B27DC9882D58987E005A9006 /* NavigationBar.swift in Sources */,
				B2152BE82D572BA9004FD988 /* NewsCV.swift in Sources */,
				B2ECAB822D576B290020CF64 /* ActivityPresentable.swift in Sources */,
				B20CE4152D57668800CDEFC9 /* AppRequests.swift in Sources */,
				B2152B832D55CF01004FD988 /* ViewModel.swift in Sources */,
				B2152BD92D55FC40004FD988 /* MainNewsCoordinator.swift in Sources */,
				B2152B9B2D55D557004FD988 /* AppDataSource.swift in Sources */,
				B285AA992D5797930014FC98 /* Toast.swift in Sources */,
				B2152B6D2D55CCEA004FD988 /* Presentable.swift in Sources */,
				B2152BCD2D55E785004FD988 /* Int+Extensions.swift in Sources */,
				B2152BA42D55D775004FD988 /* AppRepository.swift in Sources */,
				B2ECAB802D576A950020CF64 /* RealmList+Extensions.swift in Sources */,
				B27DC98A2D58AD06005A9006 /* RealmDatabaseManager.swift in Sources */,
				B2152BBB2D55E3EC004FD988 /* TabbarView.swift in Sources */,
				B2152BE72D572BA9004FD988 /* NewsVC.swift in Sources */,
			);
			runOnlyForDeploymentPostprocessing = 0;
		};
/* End PBXSourcesBuildPhase section */

/* Begin PBXVariantGroup section */
		B2152B5F2D55CAFE004FD988 /* LaunchScreen.storyboard */ = {
			isa = PBXVariantGroup;
			children = (
				B2152B602D55CAFE004FD988 /* Base */,
			);
			name = LaunchScreen.storyboard;
			sourceTree = "<group>";
		};
/* End PBXVariantGroup section */

/* Begin XCBuildConfiguration section */
		B2152B632D55CAFE004FD988 /* Debug (staging) */ = {
			isa = XCBuildConfiguration;
			baseConfigurationReference = B239D4332DC08CA0009DF5AA /* Staging.xcconfig */;
			buildSettings = {
				ALWAYS_SEARCH_USER_PATHS = NO;
				ASSETCATALOG_COMPILER_GENERATE_SWIFT_ASSET_SYMBOL_EXTENSIONS = YES;
				CLANG_ANALYZER_NONNULL = YES;
				CLANG_ANALYZER_NUMBER_OBJECT_CONVERSION = YES_AGGRESSIVE;
				CLANG_CXX_LANGUAGE_STANDARD = "gnu++20";
				CLANG_ENABLE_MODULES = YES;
				CLANG_ENABLE_OBJC_ARC = YES;
				CLANG_ENABLE_OBJC_WEAK = YES;
				CLANG_WARN_BLOCK_CAPTURE_AUTORELEASING = YES;
				CLANG_WARN_BOOL_CONVERSION = YES;
				CLANG_WARN_COMMA = YES;
				CLANG_WARN_CONSTANT_CONVERSION = YES;
				CLANG_WARN_DEPRECATED_OBJC_IMPLEMENTATIONS = YES;
				CLANG_WARN_DIRECT_OBJC_ISA_USAGE = YES_ERROR;
				CLANG_WARN_DOCUMENTATION_COMMENTS = YES;
				CLANG_WARN_EMPTY_BODY = YES;
				CLANG_WARN_ENUM_CONVERSION = YES;
				CLANG_WARN_INFINITE_RECURSION = YES;
				CLANG_WARN_INT_CONVERSION = YES;
				CLANG_WARN_NON_LITERAL_NULL_CONVERSION = YES;
				CLANG_WARN_OBJC_IMPLICIT_RETAIN_SELF = YES;
				CLANG_WARN_OBJC_LITERAL_CONVERSION = YES;
				CLANG_WARN_OBJC_ROOT_CLASS = YES_ERROR;
				CLANG_WARN_QUOTED_INCLUDE_IN_FRAMEWORK_HEADER = YES;
				CLANG_WARN_RANGE_LOOP_ANALYSIS = YES;
				CLANG_WARN_STRICT_PROTOTYPES = YES;
				CLANG_WARN_SUSPICIOUS_MOVE = YES;
				CLANG_WARN_UNGUARDED_AVAILABILITY = YES_AGGRESSIVE;
				CLANG_WARN_UNREACHABLE_CODE = YES;
				CLANG_WARN__DUPLICATE_METHOD_MATCH = YES;
				COPY_PHASE_STRIP = NO;
				DEBUG_INFORMATION_FORMAT = dwarf;
				ENABLE_STRICT_OBJC_MSGSEND = YES;
				ENABLE_TESTABILITY = YES;
				ENABLE_USER_SCRIPT_SANDBOXING = YES;
				GCC_C_LANGUAGE_STANDARD = gnu17;
				GCC_DYNAMIC_NO_PIC = NO;
				GCC_NO_COMMON_BLOCKS = YES;
				GCC_OPTIMIZATION_LEVEL = 0;
				GCC_PREPROCESSOR_DEFINITIONS = (
					"DEBUG=1",
					"$(inherited)",
				);
				GCC_WARN_64_TO_32_BIT_CONVERSION = YES;
				GCC_WARN_ABOUT_RETURN_TYPE = YES_ERROR;
				GCC_WARN_UNDECLARED_SELECTOR = YES;
				GCC_WARN_UNINITIALIZED_AUTOS = YES_AGGRESSIVE;
				GCC_WARN_UNUSED_FUNCTION = YES;
				GCC_WARN_UNUSED_VARIABLE = YES;
				IPHONEOS_DEPLOYMENT_TARGET = 15.0;
				LOCALIZATION_PREFERS_STRING_CATALOGS = YES;
				MTL_ENABLE_DEBUG_INFO = INCLUDE_SOURCE;
				MTL_FAST_MATH = YES;
				ONLY_ACTIVE_ARCH = YES;
				SDKROOT = iphoneos;
				SWIFT_ACTIVE_COMPILATION_CONDITIONS = "DEBUG $(inherited)";
				SWIFT_OPTIMIZATION_LEVEL = "-Onone";
			};
			name = "Debug (staging)";
		};
		B2152B642D55CAFE004FD988 /* Release (staging) */ = {
			isa = XCBuildConfiguration;
			baseConfigurationReference = B239D4332DC08CA0009DF5AA /* Staging.xcconfig */;
			buildSettings = {
				ALWAYS_SEARCH_USER_PATHS = NO;
				ASSETCATALOG_COMPILER_GENERATE_SWIFT_ASSET_SYMBOL_EXTENSIONS = YES;
				CLANG_ANALYZER_NONNULL = YES;
				CLANG_ANALYZER_NUMBER_OBJECT_CONVERSION = YES_AGGRESSIVE;
				CLANG_CXX_LANGUAGE_STANDARD = "gnu++20";
				CLANG_ENABLE_MODULES = YES;
				CLANG_ENABLE_OBJC_ARC = YES;
				CLANG_ENABLE_OBJC_WEAK = YES;
				CLANG_WARN_BLOCK_CAPTURE_AUTORELEASING = YES;
				CLANG_WARN_BOOL_CONVERSION = YES;
				CLANG_WARN_COMMA = YES;
				CLANG_WARN_CONSTANT_CONVERSION = YES;
				CLANG_WARN_DEPRECATED_OBJC_IMPLEMENTATIONS = YES;
				CLANG_WARN_DIRECT_OBJC_ISA_USAGE = YES_ERROR;
				CLANG_WARN_DOCUMENTATION_COMMENTS = YES;
				CLANG_WARN_EMPTY_BODY = YES;
				CLANG_WARN_ENUM_CONVERSION = YES;
				CLANG_WARN_INFINITE_RECURSION = YES;
				CLANG_WARN_INT_CONVERSION = YES;
				CLANG_WARN_NON_LITERAL_NULL_CONVERSION = YES;
				CLANG_WARN_OBJC_IMPLICIT_RETAIN_SELF = YES;
				CLANG_WARN_OBJC_LITERAL_CONVERSION = YES;
				CLANG_WARN_OBJC_ROOT_CLASS = YES_ERROR;
				CLANG_WARN_QUOTED_INCLUDE_IN_FRAMEWORK_HEADER = YES;
				CLANG_WARN_RANGE_LOOP_ANALYSIS = YES;
				CLANG_WARN_STRICT_PROTOTYPES = YES;
				CLANG_WARN_SUSPICIOUS_MOVE = YES;
				CLANG_WARN_UNGUARDED_AVAILABILITY = YES_AGGRESSIVE;
				CLANG_WARN_UNREACHABLE_CODE = YES;
				CLANG_WARN__DUPLICATE_METHOD_MATCH = YES;
				COPY_PHASE_STRIP = NO;
				DEBUG_INFORMATION_FORMAT = "dwarf-with-dsym";
				ENABLE_NS_ASSERTIONS = NO;
				ENABLE_STRICT_OBJC_MSGSEND = YES;
				ENABLE_USER_SCRIPT_SANDBOXING = YES;
				GCC_C_LANGUAGE_STANDARD = gnu17;
				GCC_NO_COMMON_BLOCKS = YES;
				GCC_WARN_64_TO_32_BIT_CONVERSION = YES;
				GCC_WARN_ABOUT_RETURN_TYPE = YES_ERROR;
				GCC_WARN_UNDECLARED_SELECTOR = YES;
				GCC_WARN_UNINITIALIZED_AUTOS = YES_AGGRESSIVE;
				GCC_WARN_UNUSED_FUNCTION = YES;
				GCC_WARN_UNUSED_VARIABLE = YES;
				IPHONEOS_DEPLOYMENT_TARGET = 15.0;
				LOCALIZATION_PREFERS_STRING_CATALOGS = YES;
				MTL_ENABLE_DEBUG_INFO = NO;
				MTL_FAST_MATH = YES;
				SDKROOT = iphoneos;
				SWIFT_COMPILATION_MODE = wholemodule;
				VALIDATE_PRODUCT = YES;
			};
			name = "Release (staging)";
		};
		B2152B662D55CAFE004FD988 /* Debug (staging) */ = {
			isa = XCBuildConfiguration;
			buildSettings = {
				ASSETCATALOG_COMPILER_APPICON_NAME = AppIcon;
				ASSETCATALOG_COMPILER_GLOBAL_ACCENT_COLOR_NAME = AccentColor;
				CODE_SIGN_STYLE = Automatic;
				CURRENT_PROJECT_VERSION = 1;
				DEVELOPMENT_TEAM = G9SD63PS2Y;
				GENERATE_INFOPLIST_FILE = YES;
				INFOPLIST_FILE = NewsApp/Info.plist;
				INFOPLIST_KEY_UIApplicationSupportsIndirectInputEvents = YES;
				INFOPLIST_KEY_UILaunchStoryboardName = LaunchScreen;
				INFOPLIST_KEY_UISupportedInterfaceOrientations_iPad = "UIInterfaceOrientationPortrait UIInterfaceOrientationPortraitUpsideDown UIInterfaceOrientationLandscapeLeft UIInterfaceOrientationLandscapeRight";
				INFOPLIST_KEY_UISupportedInterfaceOrientations_iPhone = "UIInterfaceOrientationPortrait UIInterfaceOrientationLandscapeLeft UIInterfaceOrientationLandscapeRight";
				LD_RUNPATH_SEARCH_PATHS = (
					"$(inherited)",
					"@executable_path/Frameworks",
				);
				MARKETING_VERSION = 1.0;
				PRODUCT_BUNDLE_IDENTIFIER = com.syimyk.newsapp;
				PRODUCT_NAME = "$(TARGET_NAME)";
				SUPPORTED_PLATFORMS = "iphoneos iphonesimulator";
				SUPPORTS_MACCATALYST = NO;
				SUPPORTS_MAC_DESIGNED_FOR_IPHONE_IPAD = NO;
				SUPPORTS_XR_DESIGNED_FOR_IPHONE_IPAD = NO;
				SWIFT_EMIT_LOC_STRINGS = YES;
				SWIFT_VERSION = 5.0;
				TARGETED_DEVICE_FAMILY = 1;
			};
			name = "Debug (staging)";
		};
		B2152B672D55CAFE004FD988 /* Release (staging) */ = {
			isa = XCBuildConfiguration;
			buildSettings = {
				ASSETCATALOG_COMPILER_APPICON_NAME = AppIcon;
				ASSETCATALOG_COMPILER_GLOBAL_ACCENT_COLOR_NAME = AccentColor;
				CODE_SIGN_STYLE = Automatic;
				CURRENT_PROJECT_VERSION = 1;
				DEVELOPMENT_TEAM = G9SD63PS2Y;
				GENERATE_INFOPLIST_FILE = YES;
				INFOPLIST_FILE = NewsApp/Info.plist;
				INFOPLIST_KEY_UIApplicationSupportsIndirectInputEvents = YES;
				INFOPLIST_KEY_UILaunchStoryboardName = LaunchScreen;
				INFOPLIST_KEY_UISupportedInterfaceOrientations_iPad = "UIInterfaceOrientationPortrait UIInterfaceOrientationPortraitUpsideDown UIInterfaceOrientationLandscapeLeft UIInterfaceOrientationLandscapeRight";
				INFOPLIST_KEY_UISupportedInterfaceOrientations_iPhone = "UIInterfaceOrientationPortrait UIInterfaceOrientationLandscapeLeft UIInterfaceOrientationLandscapeRight";
				LD_RUNPATH_SEARCH_PATHS = (
					"$(inherited)",
					"@executable_path/Frameworks",
				);
				MARKETING_VERSION = 1.0;
				PRODUCT_BUNDLE_IDENTIFIER = com.syimyk.newsapp;
				PRODUCT_NAME = "$(TARGET_NAME)";
				SUPPORTED_PLATFORMS = "iphoneos iphonesimulator";
				SUPPORTS_MACCATALYST = NO;
				SUPPORTS_MAC_DESIGNED_FOR_IPHONE_IPAD = NO;
				SUPPORTS_XR_DESIGNED_FOR_IPHONE_IPAD = NO;
				SWIFT_EMIT_LOC_STRINGS = YES;
				SWIFT_VERSION = 5.0;
				TARGETED_DEVICE_FAMILY = 1;
			};
			name = "Release (staging)";
		};
		B239D4282DC08A83009DF5AA /* Debug (production) */ = {
			isa = XCBuildConfiguration;
			baseConfigurationReference = B239D4352DC08CC1009DF5AA /* Production.xcconfig */;
			buildSettings = {
				ALWAYS_SEARCH_USER_PATHS = NO;
				ASSETCATALOG_COMPILER_GENERATE_SWIFT_ASSET_SYMBOL_EXTENSIONS = YES;
				CLANG_ANALYZER_NONNULL = YES;
				CLANG_ANALYZER_NUMBER_OBJECT_CONVERSION = YES_AGGRESSIVE;
				CLANG_CXX_LANGUAGE_STANDARD = "gnu++20";
				CLANG_ENABLE_MODULES = YES;
				CLANG_ENABLE_OBJC_ARC = YES;
				CLANG_ENABLE_OBJC_WEAK = YES;
				CLANG_WARN_BLOCK_CAPTURE_AUTORELEASING = YES;
				CLANG_WARN_BOOL_CONVERSION = YES;
				CLANG_WARN_COMMA = YES;
				CLANG_WARN_CONSTANT_CONVERSION = YES;
				CLANG_WARN_DEPRECATED_OBJC_IMPLEMENTATIONS = YES;
				CLANG_WARN_DIRECT_OBJC_ISA_USAGE = YES_ERROR;
				CLANG_WARN_DOCUMENTATION_COMMENTS = YES;
				CLANG_WARN_EMPTY_BODY = YES;
				CLANG_WARN_ENUM_CONVERSION = YES;
				CLANG_WARN_INFINITE_RECURSION = YES;
				CLANG_WARN_INT_CONVERSION = YES;
				CLANG_WARN_NON_LITERAL_NULL_CONVERSION = YES;
				CLANG_WARN_OBJC_IMPLICIT_RETAIN_SELF = YES;
				CLANG_WARN_OBJC_LITERAL_CONVERSION = YES;
				CLANG_WARN_OBJC_ROOT_CLASS = YES_ERROR;
				CLANG_WARN_QUOTED_INCLUDE_IN_FRAMEWORK_HEADER = YES;
				CLANG_WARN_RANGE_LOOP_ANALYSIS = YES;
				CLANG_WARN_STRICT_PROTOTYPES = YES;
				CLANG_WARN_SUSPICIOUS_MOVE = YES;
				CLANG_WARN_UNGUARDED_AVAILABILITY = YES_AGGRESSIVE;
				CLANG_WARN_UNREACHABLE_CODE = YES;
				CLANG_WARN__DUPLICATE_METHOD_MATCH = YES;
				COPY_PHASE_STRIP = NO;
				DEBUG_INFORMATION_FORMAT = dwarf;
				ENABLE_STRICT_OBJC_MSGSEND = YES;
				ENABLE_TESTABILITY = YES;
				ENABLE_USER_SCRIPT_SANDBOXING = YES;
				GCC_C_LANGUAGE_STANDARD = gnu17;
				GCC_DYNAMIC_NO_PIC = NO;
				GCC_NO_COMMON_BLOCKS = YES;
				GCC_OPTIMIZATION_LEVEL = 0;
				GCC_PREPROCESSOR_DEFINITIONS = (
					"DEBUG=1",
					"$(inherited)",
				);
				GCC_WARN_64_TO_32_BIT_CONVERSION = YES;
				GCC_WARN_ABOUT_RETURN_TYPE = YES_ERROR;
				GCC_WARN_UNDECLARED_SELECTOR = YES;
				GCC_WARN_UNINITIALIZED_AUTOS = YES_AGGRESSIVE;
				GCC_WARN_UNUSED_FUNCTION = YES;
				GCC_WARN_UNUSED_VARIABLE = YES;
				IPHONEOS_DEPLOYMENT_TARGET = 15.0;
				LOCALIZATION_PREFERS_STRING_CATALOGS = YES;
				MTL_ENABLE_DEBUG_INFO = INCLUDE_SOURCE;
				MTL_FAST_MATH = YES;
				ONLY_ACTIVE_ARCH = YES;
				SDKROOT = iphoneos;
				SWIFT_ACTIVE_COMPILATION_CONDITIONS = "DEBUG $(inherited)";
				SWIFT_OPTIMIZATION_LEVEL = "-Onone";
			};
			name = "Debug (production)";
		};
		B239D4292DC08A83009DF5AA /* Debug (production) */ = {
			isa = XCBuildConfiguration;
			buildSettings = {
				ASSETCATALOG_COMPILER_APPICON_NAME = AppIcon;
				ASSETCATALOG_COMPILER_GLOBAL_ACCENT_COLOR_NAME = AccentColor;
				CODE_SIGN_STYLE = Automatic;
				CURRENT_PROJECT_VERSION = 1;
				DEVELOPMENT_TEAM = G9SD63PS2Y;
				GENERATE_INFOPLIST_FILE = YES;
				INFOPLIST_FILE = NewsApp/Info.plist;
				INFOPLIST_KEY_UIApplicationSupportsIndirectInputEvents = YES;
				INFOPLIST_KEY_UILaunchStoryboardName = LaunchScreen;
				INFOPLIST_KEY_UISupportedInterfaceOrientations_iPad = "UIInterfaceOrientationPortrait UIInterfaceOrientationPortraitUpsideDown UIInterfaceOrientationLandscapeLeft UIInterfaceOrientationLandscapeRight";
				INFOPLIST_KEY_UISupportedInterfaceOrientations_iPhone = "UIInterfaceOrientationPortrait UIInterfaceOrientationLandscapeLeft UIInterfaceOrientationLandscapeRight";
				LD_RUNPATH_SEARCH_PATHS = (
					"$(inherited)",
					"@executable_path/Frameworks",
				);
				MARKETING_VERSION = 1.0;
				PRODUCT_BUNDLE_IDENTIFIER = com.syimyk.newsapp;
				PRODUCT_NAME = "$(TARGET_NAME)";
				SUPPORTED_PLATFORMS = "iphoneos iphonesimulator";
				SUPPORTS_MACCATALYST = NO;
				SUPPORTS_MAC_DESIGNED_FOR_IPHONE_IPAD = NO;
				SUPPORTS_XR_DESIGNED_FOR_IPHONE_IPAD = NO;
				SWIFT_EMIT_LOC_STRINGS = YES;
				SWIFT_VERSION = 5.0;
				TARGETED_DEVICE_FAMILY = 1;
			};
			name = "Debug (production)";
		};
		B239D42A2DC08A87009DF5AA /* Debug (uat) */ = {
			isa = XCBuildConfiguration;
			baseConfigurationReference = B239D4342DC08CAB009DF5AA /* UAT.xcconfig */;
			buildSettings = {
				ALWAYS_SEARCH_USER_PATHS = NO;
				ASSETCATALOG_COMPILER_GENERATE_SWIFT_ASSET_SYMBOL_EXTENSIONS = YES;
				CLANG_ANALYZER_NONNULL = YES;
				CLANG_ANALYZER_NUMBER_OBJECT_CONVERSION = YES_AGGRESSIVE;
				CLANG_CXX_LANGUAGE_STANDARD = "gnu++20";
				CLANG_ENABLE_MODULES = YES;
				CLANG_ENABLE_OBJC_ARC = YES;
				CLANG_ENABLE_OBJC_WEAK = YES;
				CLANG_WARN_BLOCK_CAPTURE_AUTORELEASING = YES;
				CLANG_WARN_BOOL_CONVERSION = YES;
				CLANG_WARN_COMMA = YES;
				CLANG_WARN_CONSTANT_CONVERSION = YES;
				CLANG_WARN_DEPRECATED_OBJC_IMPLEMENTATIONS = YES;
				CLANG_WARN_DIRECT_OBJC_ISA_USAGE = YES_ERROR;
				CLANG_WARN_DOCUMENTATION_COMMENTS = YES;
				CLANG_WARN_EMPTY_BODY = YES;
				CLANG_WARN_ENUM_CONVERSION = YES;
				CLANG_WARN_INFINITE_RECURSION = YES;
				CLANG_WARN_INT_CONVERSION = YES;
				CLANG_WARN_NON_LITERAL_NULL_CONVERSION = YES;
				CLANG_WARN_OBJC_IMPLICIT_RETAIN_SELF = YES;
				CLANG_WARN_OBJC_LITERAL_CONVERSION = YES;
				CLANG_WARN_OBJC_ROOT_CLASS = YES_ERROR;
				CLANG_WARN_QUOTED_INCLUDE_IN_FRAMEWORK_HEADER = YES;
				CLANG_WARN_RANGE_LOOP_ANALYSIS = YES;
				CLANG_WARN_STRICT_PROTOTYPES = YES;
				CLANG_WARN_SUSPICIOUS_MOVE = YES;
				CLANG_WARN_UNGUARDED_AVAILABILITY = YES_AGGRESSIVE;
				CLANG_WARN_UNREACHABLE_CODE = YES;
				CLANG_WARN__DUPLICATE_METHOD_MATCH = YES;
				COPY_PHASE_STRIP = NO;
				DEBUG_INFORMATION_FORMAT = dwarf;
				ENABLE_STRICT_OBJC_MSGSEND = YES;
				ENABLE_TESTABILITY = YES;
				ENABLE_USER_SCRIPT_SANDBOXING = YES;
				GCC_C_LANGUAGE_STANDARD = gnu17;
				GCC_DYNAMIC_NO_PIC = NO;
				GCC_NO_COMMON_BLOCKS = YES;
				GCC_OPTIMIZATION_LEVEL = 0;
				GCC_PREPROCESSOR_DEFINITIONS = (
					"DEBUG=1",
					"$(inherited)",
				);
				GCC_WARN_64_TO_32_BIT_CONVERSION = YES;
				GCC_WARN_ABOUT_RETURN_TYPE = YES_ERROR;
				GCC_WARN_UNDECLARED_SELECTOR = YES;
				GCC_WARN_UNINITIALIZED_AUTOS = YES_AGGRESSIVE;
				GCC_WARN_UNUSED_FUNCTION = YES;
				GCC_WARN_UNUSED_VARIABLE = YES;
				IPHONEOS_DEPLOYMENT_TARGET = 15.0;
				LOCALIZATION_PREFERS_STRING_CATALOGS = YES;
				MTL_ENABLE_DEBUG_INFO = INCLUDE_SOURCE;
				MTL_FAST_MATH = YES;
				ONLY_ACTIVE_ARCH = YES;
				SDKROOT = iphoneos;
				SWIFT_ACTIVE_COMPILATION_CONDITIONS = "DEBUG $(inherited)";
				SWIFT_OPTIMIZATION_LEVEL = "-Onone";
			};
			name = "Debug (uat)";
		};
		B239D42B2DC08A87009DF5AA /* Debug (uat) */ = {
			isa = XCBuildConfiguration;
			buildSettings = {
				ASSETCATALOG_COMPILER_APPICON_NAME = AppIcon;
				ASSETCATALOG_COMPILER_GLOBAL_ACCENT_COLOR_NAME = AccentColor;
				CODE_SIGN_STYLE = Automatic;
				CURRENT_PROJECT_VERSION = 1;
				DEVELOPMENT_TEAM = G9SD63PS2Y;
				GENERATE_INFOPLIST_FILE = YES;
				INFOPLIST_FILE = NewsApp/Info.plist;
				INFOPLIST_KEY_UIApplicationSupportsIndirectInputEvents = YES;
				INFOPLIST_KEY_UILaunchStoryboardName = LaunchScreen;
				INFOPLIST_KEY_UISupportedInterfaceOrientations_iPad = "UIInterfaceOrientationPortrait UIInterfaceOrientationPortraitUpsideDown UIInterfaceOrientationLandscapeLeft UIInterfaceOrientationLandscapeRight";
				INFOPLIST_KEY_UISupportedInterfaceOrientations_iPhone = "UIInterfaceOrientationPortrait UIInterfaceOrientationLandscapeLeft UIInterfaceOrientationLandscapeRight";
				LD_RUNPATH_SEARCH_PATHS = (
					"$(inherited)",
					"@executable_path/Frameworks",
				);
				MARKETING_VERSION = 1.0;
				PRODUCT_BUNDLE_IDENTIFIER = com.syimyk.newsapp;
				PRODUCT_NAME = "$(TARGET_NAME)";
				SUPPORTED_PLATFORMS = "iphoneos iphonesimulator";
				SUPPORTS_MACCATALYST = NO;
				SUPPORTS_MAC_DESIGNED_FOR_IPHONE_IPAD = NO;
				SUPPORTS_XR_DESIGNED_FOR_IPHONE_IPAD = NO;
				SWIFT_EMIT_LOC_STRINGS = YES;
				SWIFT_VERSION = 5.0;
				TARGETED_DEVICE_FAMILY = 1;
			};
			name = "Debug (uat)";
		};
		B239D42C2DC08A8C009DF5AA /* Release (production) */ = {
			isa = XCBuildConfiguration;
			baseConfigurationReference = B239D4352DC08CC1009DF5AA /* Production.xcconfig */;
			buildSettings = {
				ALWAYS_SEARCH_USER_PATHS = NO;
				ASSETCATALOG_COMPILER_GENERATE_SWIFT_ASSET_SYMBOL_EXTENSIONS = YES;
				CLANG_ANALYZER_NONNULL = YES;
				CLANG_ANALYZER_NUMBER_OBJECT_CONVERSION = YES_AGGRESSIVE;
				CLANG_CXX_LANGUAGE_STANDARD = "gnu++20";
				CLANG_ENABLE_MODULES = YES;
				CLANG_ENABLE_OBJC_ARC = YES;
				CLANG_ENABLE_OBJC_WEAK = YES;
				CLANG_WARN_BLOCK_CAPTURE_AUTORELEASING = YES;
				CLANG_WARN_BOOL_CONVERSION = YES;
				CLANG_WARN_COMMA = YES;
				CLANG_WARN_CONSTANT_CONVERSION = YES;
				CLANG_WARN_DEPRECATED_OBJC_IMPLEMENTATIONS = YES;
				CLANG_WARN_DIRECT_OBJC_ISA_USAGE = YES_ERROR;
				CLANG_WARN_DOCUMENTATION_COMMENTS = YES;
				CLANG_WARN_EMPTY_BODY = YES;
				CLANG_WARN_ENUM_CONVERSION = YES;
				CLANG_WARN_INFINITE_RECURSION = YES;
				CLANG_WARN_INT_CONVERSION = YES;
				CLANG_WARN_NON_LITERAL_NULL_CONVERSION = YES;
				CLANG_WARN_OBJC_IMPLICIT_RETAIN_SELF = YES;
				CLANG_WARN_OBJC_LITERAL_CONVERSION = YES;
				CLANG_WARN_OBJC_ROOT_CLASS = YES_ERROR;
				CLANG_WARN_QUOTED_INCLUDE_IN_FRAMEWORK_HEADER = YES;
				CLANG_WARN_RANGE_LOOP_ANALYSIS = YES;
				CLANG_WARN_STRICT_PROTOTYPES = YES;
				CLANG_WARN_SUSPICIOUS_MOVE = YES;
				CLANG_WARN_UNGUARDED_AVAILABILITY = YES_AGGRESSIVE;
				CLANG_WARN_UNREACHABLE_CODE = YES;
				CLANG_WARN__DUPLICATE_METHOD_MATCH = YES;
				COPY_PHASE_STRIP = NO;
				DEBUG_INFORMATION_FORMAT = "dwarf-with-dsym";
				ENABLE_NS_ASSERTIONS = NO;
				ENABLE_STRICT_OBJC_MSGSEND = YES;
				ENABLE_USER_SCRIPT_SANDBOXING = YES;
				GCC_C_LANGUAGE_STANDARD = gnu17;
				GCC_NO_COMMON_BLOCKS = YES;
				GCC_WARN_64_TO_32_BIT_CONVERSION = YES;
				GCC_WARN_ABOUT_RETURN_TYPE = YES_ERROR;
				GCC_WARN_UNDECLARED_SELECTOR = YES;
				GCC_WARN_UNINITIALIZED_AUTOS = YES_AGGRESSIVE;
				GCC_WARN_UNUSED_FUNCTION = YES;
				GCC_WARN_UNUSED_VARIABLE = YES;
				IPHONEOS_DEPLOYMENT_TARGET = 15.0;
				LOCALIZATION_PREFERS_STRING_CATALOGS = YES;
				MTL_ENABLE_DEBUG_INFO = NO;
				MTL_FAST_MATH = YES;
				SDKROOT = iphoneos;
				SWIFT_COMPILATION_MODE = wholemodule;
				VALIDATE_PRODUCT = YES;
			};
			name = "Release (production)";
		};
		B239D42D2DC08A8C009DF5AA /* Release (production) */ = {
			isa = XCBuildConfiguration;
			buildSettings = {
				ASSETCATALOG_COMPILER_APPICON_NAME = AppIcon;
				ASSETCATALOG_COMPILER_GLOBAL_ACCENT_COLOR_NAME = AccentColor;
				CODE_SIGN_STYLE = Automatic;
				CURRENT_PROJECT_VERSION = 1;
				DEVELOPMENT_TEAM = G9SD63PS2Y;
				GENERATE_INFOPLIST_FILE = YES;
				INFOPLIST_FILE = NewsApp/Info.plist;
				INFOPLIST_KEY_UIApplicationSupportsIndirectInputEvents = YES;
				INFOPLIST_KEY_UILaunchStoryboardName = LaunchScreen;
				INFOPLIST_KEY_UISupportedInterfaceOrientations_iPad = "UIInterfaceOrientationPortrait UIInterfaceOrientationPortraitUpsideDown UIInterfaceOrientationLandscapeLeft UIInterfaceOrientationLandscapeRight";
				INFOPLIST_KEY_UISupportedInterfaceOrientations_iPhone = "UIInterfaceOrientationPortrait UIInterfaceOrientationLandscapeLeft UIInterfaceOrientationLandscapeRight";
				LD_RUNPATH_SEARCH_PATHS = (
					"$(inherited)",
					"@executable_path/Frameworks",
				);
				MARKETING_VERSION = 1.0;
				PRODUCT_BUNDLE_IDENTIFIER = com.syimyk.newsapp;
				PRODUCT_NAME = "$(TARGET_NAME)";
				SUPPORTED_PLATFORMS = "iphoneos iphonesimulator";
				SUPPORTS_MACCATALYST = NO;
				SUPPORTS_MAC_DESIGNED_FOR_IPHONE_IPAD = NO;
				SUPPORTS_XR_DESIGNED_FOR_IPHONE_IPAD = NO;
				SWIFT_EMIT_LOC_STRINGS = YES;
				SWIFT_VERSION = 5.0;
				TARGETED_DEVICE_FAMILY = 1;
			};
			name = "Release (production)";
		};
		B239D4302DC08A9C009DF5AA /* Release (uat) */ = {
			isa = XCBuildConfiguration;
			baseConfigurationReference = B239D4342DC08CAB009DF5AA /* UAT.xcconfig */;
			buildSettings = {
				ALWAYS_SEARCH_USER_PATHS = NO;
				ASSETCATALOG_COMPILER_GENERATE_SWIFT_ASSET_SYMBOL_EXTENSIONS = YES;
				CLANG_ANALYZER_NONNULL = YES;
				CLANG_ANALYZER_NUMBER_OBJECT_CONVERSION = YES_AGGRESSIVE;
				CLANG_CXX_LANGUAGE_STANDARD = "gnu++20";
				CLANG_ENABLE_MODULES = YES;
				CLANG_ENABLE_OBJC_ARC = YES;
				CLANG_ENABLE_OBJC_WEAK = YES;
				CLANG_WARN_BLOCK_CAPTURE_AUTORELEASING = YES;
				CLANG_WARN_BOOL_CONVERSION = YES;
				CLANG_WARN_COMMA = YES;
				CLANG_WARN_CONSTANT_CONVERSION = YES;
				CLANG_WARN_DEPRECATED_OBJC_IMPLEMENTATIONS = YES;
				CLANG_WARN_DIRECT_OBJC_ISA_USAGE = YES_ERROR;
				CLANG_WARN_DOCUMENTATION_COMMENTS = YES;
				CLANG_WARN_EMPTY_BODY = YES;
				CLANG_WARN_ENUM_CONVERSION = YES;
				CLANG_WARN_INFINITE_RECURSION = YES;
				CLANG_WARN_INT_CONVERSION = YES;
				CLANG_WARN_NON_LITERAL_NULL_CONVERSION = YES;
				CLANG_WARN_OBJC_IMPLICIT_RETAIN_SELF = YES;
				CLANG_WARN_OBJC_LITERAL_CONVERSION = YES;
				CLANG_WARN_OBJC_ROOT_CLASS = YES_ERROR;
				CLANG_WARN_QUOTED_INCLUDE_IN_FRAMEWORK_HEADER = YES;
				CLANG_WARN_RANGE_LOOP_ANALYSIS = YES;
				CLANG_WARN_STRICT_PROTOTYPES = YES;
				CLANG_WARN_SUSPICIOUS_MOVE = YES;
				CLANG_WARN_UNGUARDED_AVAILABILITY = YES_AGGRESSIVE;
				CLANG_WARN_UNREACHABLE_CODE = YES;
				CLANG_WARN__DUPLICATE_METHOD_MATCH = YES;
				COPY_PHASE_STRIP = NO;
				DEBUG_INFORMATION_FORMAT = "dwarf-with-dsym";
				ENABLE_NS_ASSERTIONS = NO;
				ENABLE_STRICT_OBJC_MSGSEND = YES;
				ENABLE_USER_SCRIPT_SANDBOXING = YES;
				GCC_C_LANGUAGE_STANDARD = gnu17;
				GCC_NO_COMMON_BLOCKS = YES;
				GCC_WARN_64_TO_32_BIT_CONVERSION = YES;
				GCC_WARN_ABOUT_RETURN_TYPE = YES_ERROR;
				GCC_WARN_UNDECLARED_SELECTOR = YES;
				GCC_WARN_UNINITIALIZED_AUTOS = YES_AGGRESSIVE;
				GCC_WARN_UNUSED_FUNCTION = YES;
				GCC_WARN_UNUSED_VARIABLE = YES;
				IPHONEOS_DEPLOYMENT_TARGET = 15.0;
				LOCALIZATION_PREFERS_STRING_CATALOGS = YES;
				MTL_ENABLE_DEBUG_INFO = NO;
				MTL_FAST_MATH = YES;
				SDKROOT = iphoneos;
				SWIFT_COMPILATION_MODE = wholemodule;
				VALIDATE_PRODUCT = YES;
			};
			name = "Release (uat)";
		};
		B239D4312DC08A9C009DF5AA /* Release (uat) */ = {
			isa = XCBuildConfiguration;
			buildSettings = {
				ASSETCATALOG_COMPILER_APPICON_NAME = AppIcon;
				ASSETCATALOG_COMPILER_GLOBAL_ACCENT_COLOR_NAME = AccentColor;
				CODE_SIGN_STYLE = Automatic;
				CURRENT_PROJECT_VERSION = 1;
				DEVELOPMENT_TEAM = G9SD63PS2Y;
				GENERATE_INFOPLIST_FILE = YES;
				INFOPLIST_FILE = NewsApp/Info.plist;
				INFOPLIST_KEY_UIApplicationSupportsIndirectInputEvents = YES;
				INFOPLIST_KEY_UILaunchStoryboardName = LaunchScreen;
				INFOPLIST_KEY_UISupportedInterfaceOrientations_iPad = "UIInterfaceOrientationPortrait UIInterfaceOrientationPortraitUpsideDown UIInterfaceOrientationLandscapeLeft UIInterfaceOrientationLandscapeRight";
				INFOPLIST_KEY_UISupportedInterfaceOrientations_iPhone = "UIInterfaceOrientationPortrait UIInterfaceOrientationLandscapeLeft UIInterfaceOrientationLandscapeRight";
				LD_RUNPATH_SEARCH_PATHS = (
					"$(inherited)",
					"@executable_path/Frameworks",
				);
				MARKETING_VERSION = 1.0;
				PRODUCT_BUNDLE_IDENTIFIER = com.syimyk.newsapp;
				PRODUCT_NAME = "$(TARGET_NAME)";
				SUPPORTED_PLATFORMS = "iphoneos iphonesimulator";
				SUPPORTS_MACCATALYST = NO;
				SUPPORTS_MAC_DESIGNED_FOR_IPHONE_IPAD = NO;
				SUPPORTS_XR_DESIGNED_FOR_IPHONE_IPAD = NO;
				SWIFT_EMIT_LOC_STRINGS = YES;
				SWIFT_VERSION = 5.0;
				TARGETED_DEVICE_FAMILY = 1;
			};
			name = "Release (uat)";
		};
/* End XCBuildConfiguration section */

/* Begin XCConfigurationList section */
		B2152B4C2D55CAFD004FD988 /* Build configuration list for PBXProject "NewsApp" */ = {
			isa = XCConfigurationList;
			buildConfigurations = (
				B2152B632D55CAFE004FD988 /* Debug (staging) */,
				B239D42A2DC08A87009DF5AA /* Debug (uat) */,
				B239D4282DC08A83009DF5AA /* Debug (production) */,
				B2152B642D55CAFE004FD988 /* Release (staging) */,
				B239D4302DC08A9C009DF5AA /* Release (uat) */,
				B239D42C2DC08A8C009DF5AA /* Release (production) */,
			);
			defaultConfigurationIsVisible = 0;
			defaultConfigurationName = "Release (staging)";
		};
		B2152B652D55CAFE004FD988 /* Build configuration list for PBXNativeTarget "NewsApp" */ = {
			isa = XCConfigurationList;
			buildConfigurations = (
				B2152B662D55CAFE004FD988 /* Debug (staging) */,
				B239D42B2DC08A87009DF5AA /* Debug (uat) */,
				B239D4292DC08A83009DF5AA /* Debug (production) */,
				B2152B672D55CAFE004FD988 /* Release (staging) */,
				B239D4312DC08A9C009DF5AA /* Release (uat) */,
				B239D42D2DC08A8C009DF5AA /* Release (production) */,
			);
			defaultConfigurationIsVisible = 0;
			defaultConfigurationName = "Release (staging)";
		};
/* End XCConfigurationList section */

/* Begin XCRemoteSwiftPackageReference section */
		B2152B8B2D55D22A004FD988 /* XCRemoteSwiftPackageReference "RealHTTP" */ = {
			isa = XCRemoteSwiftPackageReference;
			repositoryURL = "https://github.com/immobiliare/RealHTTP";
			requirement = {
				kind = exactVersion;
				version = 1.8.3;
			};
		};
		B2152B8E2D55D287004FD988 /* XCRemoteSwiftPackageReference "Defaults" */ = {
			isa = XCRemoteSwiftPackageReference;
			repositoryURL = "https://github.com/sindresorhus/Defaults";
			requirement = {
				kind = exactVersion;
				version = 7.3.1;
			};
		};
		B2152BA92D55E09A004FD988 /* XCRemoteSwiftPackageReference "Factory" */ = {
			isa = XCRemoteSwiftPackageReference;
			repositoryURL = "https://github.com/hmlongco/Factory";
			requirement = {
				kind = exactVersion;
				version = 2.3.2;
			};
		};
		B2152BD22D55E87C004FD988 /* XCRemoteSwiftPackageReference "DeviceKit" */ = {
			isa = XCRemoteSwiftPackageReference;
			repositoryURL = "https://github.com/devicekit/DeviceKit.git";
			requirement = {
				kind = exactVersion;
				version = 5.2.2;
			};
		};
		B285AA732D57753C0014FC98 /* XCRemoteSwiftPackageReference "Kingfisher" */ = {
			isa = XCRemoteSwiftPackageReference;
			repositoryURL = "https://github.com/onevcat/Kingfisher.git";
			requirement = {
				kind = upToNextMajorVersion;
				minimumVersion = 7.0.0;
			};
		};
		B285AA8E2D5788160014FC98 /* XCRemoteSwiftPackageReference "realm-swift" */ = {
			isa = XCRemoteSwiftPackageReference;
			repositoryURL = "https://github.com/realm/realm-swift.git";
			requirement = {
				kind = exactVersion;
				version = 10.49.0;
			};
		};
/* End XCRemoteSwiftPackageReference section */

/* Begin XCSwiftPackageProductDependency section */
		B2152B8C2D55D22A004FD988 /* RealHTTP */ = {
			isa = XCSwiftPackageProductDependency;
			package = B2152B8B2D55D22A004FD988 /* XCRemoteSwiftPackageReference "RealHTTP" */;
			productName = RealHTTP;
		};
		B2152B8F2D55D287004FD988 /* Defaults */ = {
			isa = XCSwiftPackageProductDependency;
			package = B2152B8E2D55D287004FD988 /* XCRemoteSwiftPackageReference "Defaults" */;
			productName = Defaults;
		};
		B2152BAA2D55E09A004FD988 /* Factory */ = {
			isa = XCSwiftPackageProductDependency;
			package = B2152BA92D55E09A004FD988 /* XCRemoteSwiftPackageReference "Factory" */;
			productName = Factory;
		};
		B2152BD32D55E87C004FD988 /* DeviceKit */ = {
			isa = XCSwiftPackageProductDependency;
			package = B2152BD22D55E87C004FD988 /* XCRemoteSwiftPackageReference "DeviceKit" */;
			productName = DeviceKit;
		};
		B285AA742D57753C0014FC98 /* Kingfisher */ = {
			isa = XCSwiftPackageProductDependency;
			package = B285AA732D57753C0014FC98 /* XCRemoteSwiftPackageReference "Kingfisher" */;
			productName = Kingfisher;
		};
		B285AA8F2D5788160014FC98 /* Realm */ = {
			isa = XCSwiftPackageProductDependency;
			package = B285AA8E2D5788160014FC98 /* XCRemoteSwiftPackageReference "realm-swift" */;
			productName = Realm;
		};
		B285AA912D5788160014FC98 /* RealmSwift */ = {
			isa = XCSwiftPackageProductDependency;
			package = B285AA8E2D5788160014FC98 /* XCRemoteSwiftPackageReference "realm-swift" */;
			productName = RealmSwift;
		};
/* End XCSwiftPackageProductDependency section */
	};
	rootObject = B2152B492D55CAFD004FD988 /* Project object */;
}
